{
  "version": 4,
  "terraform_version": "1.4.4",
  "serial": 262,
  "lineage": "7b3c92d3-67a3-a1bf-211c-5c7609092ddd",
  "outputs": {
    "bastion_connection": {
      "value": "ssh -i cred_card_kp.pem ubuntu@ec2-54-236-186-107.compute-1.amazonaws.com",
      "type": "string"
    },
    "database_endpoint": {
      "value": "terraform-20230525124756383000000002.cfyv1i17oc4t.us-east-1.rds.amazonaws.com",
      "type": "string"
    },
    "database_port": {
      "value": 5432,
      "type": "number"
    },
    "rds_connection": {
      "value": "ssh -i cred_card_kp.pem -f -N -L 5432:terraform-20230525124756383000000002.cfyv1i17oc4t.us-east-1.rds.amazonaws.com:5432 ubuntu@ec2-54-236-186-107.compute-1.amazonaws.com",
      "type": "string"
    },
    "web_public_dns": {
      "value": "ec2-54-236-186-107.compute-1.amazonaws.com",
      "type": "string"
    },
    "web_public_ip": {
      "value": "54.236.186.107",
      "type": "string"
    }
  },
  "resources": [
    {
      "mode": "data",
      "type": "aws_ami",
      "name": "ubuntu",
      "provider": "provider[\"registry.terraform.io/hashicorp/aws\"]",
      "instances": [
        {
          "schema_version": 0,
          "attributes": {
            "architecture": "x86_64",
            "arn": "arn:aws:ec2:us-east-1::image/ami-0f57ffe8bd04fa66d",
            "block_device_mappings": [
              {
                "device_name": "/dev/sda1",
                "ebs": {
                  "delete_on_termination": "true",
                  "encrypted": "false",
                  "iops": "0",
                  "snapshot_id": "snap-09d9f713172836732",
                  "throughput": "0",
                  "volume_size": "8",
                  "volume_type": "gp2"
                },
                "no_device": "",
                "virtual_name": ""
              },
              {
                "device_name": "/dev/sdb",
                "ebs": {},
                "no_device": "",
                "virtual_name": "ephemeral0"
              },
              {
                "device_name": "/dev/sdc",
                "ebs": {},
                "no_device": "",
                "virtual_name": "ephemeral1"
              }
            ],
            "boot_mode": "legacy-bios",
            "creation_date": "2023-05-26T00:42:37.000Z",
            "deprecation_time": "2025-05-26T00:42:37.000Z",
            "description": "Canonical, Ubuntu, 20.04 LTS, amd64 focal image build on 2023-05-25",
            "ena_support": true,
            "executable_users": null,
            "filter": [
              {
                "name": "name",
                "values": [
                  "ubuntu/images/hvm-ssd/ubuntu-focal-20.04-amd64-server-*"
                ]
              },
              {
                "name": "virtualization-type",
                "values": [
                  "hvm"
                ]
              }
            ],
            "hypervisor": "xen",
            "id": "ami-0f57ffe8bd04fa66d",
            "image_id": "ami-0f57ffe8bd04fa66d",
            "image_location": "amazon/ubuntu/images/hvm-ssd/ubuntu-focal-20.04-amd64-server-20230525",
            "image_owner_alias": "amazon",
            "image_type": "machine",
            "imds_support": "",
            "include_deprecated": false,
            "kernel_id": "",
            "most_recent": true,
            "name": "ubuntu/images/hvm-ssd/ubuntu-focal-20.04-amd64-server-20230525",
            "name_regex": null,
            "owner_id": "099720109477",
            "owners": [
              "099720109477"
            ],
            "platform": "",
            "platform_details": "Linux/UNIX",
            "product_codes": [],
            "public": true,
            "ramdisk_id": "",
            "root_device_name": "/dev/sda1",
            "root_device_type": "ebs",
            "root_snapshot_id": "snap-09d9f713172836732",
            "sriov_net_support": "simple",
            "state": "available",
            "state_reason": {
              "code": "UNSET",
              "message": "UNSET"
            },
            "tags": {},
            "timeouts": null,
            "tpm_support": "",
            "usage_operation": "RunInstances",
            "virtualization_type": "hvm"
          },
          "sensitive_attributes": []
        }
      ]
    },
    {
      "mode": "data",
      "type": "aws_availability_zones",
      "name": "available",
      "provider": "provider[\"registry.terraform.io/hashicorp/aws\"]",
      "instances": [
        {
          "schema_version": 0,
          "attributes": {
            "all_availability_zones": null,
            "exclude_names": null,
            "exclude_zone_ids": null,
            "filter": null,
            "group_names": [
              "us-east-1"
            ],
            "id": "us-east-1",
            "names": [
              "us-east-1a",
              "us-east-1b",
              "us-east-1c",
              "us-east-1d",
              "us-east-1e",
              "us-east-1f"
            ],
            "state": "available",
            "timeouts": null,
            "zone_ids": [
              "use1-az4",
              "use1-az6",
              "use1-az1",
              "use1-az2",
              "use1-az3",
              "use1-az5"
            ]
          },
          "sensitive_attributes": []
        }
      ]
    },
    {
      "mode": "managed",
      "type": "aws_db_instance",
      "name": "cred_card_database",
      "provider": "provider[\"registry.terraform.io/hashicorp/aws\"]",
      "instances": [
        {
          "schema_version": 1,
          "attributes": {
            "address": "terraform-20230525124756383000000002.cfyv1i17oc4t.us-east-1.rds.amazonaws.com",
            "allocated_storage": 10,
            "allow_major_version_upgrade": null,
            "apply_immediately": false,
            "arn": "arn:aws:rds:us-east-1:088492177964:db:terraform-20230525124756383000000002",
            "auto_minor_version_upgrade": true,
            "availability_zone": "us-east-1b",
            "backup_retention_period": 0,
            "backup_window": "04:53-05:23",
            "blue_green_update": [],
            "ca_cert_identifier": "rds-ca-2019",
            "character_set_name": "",
            "copy_tags_to_snapshot": false,
            "custom_iam_instance_profile": "",
            "customer_owned_ip_enabled": false,
            "db_name": "cred_card",
            "db_subnet_group_name": "cred_card_db_subnet_group",
            "delete_automated_backups": true,
            "deletion_protection": false,
            "domain": "",
            "domain_iam_role_name": "",
            "enabled_cloudwatch_logs_exports": [],
            "endpoint": "terraform-20230525124756383000000002.cfyv1i17oc4t.us-east-1.rds.amazonaws.com:5432",
            "engine": "postgres",
            "engine_version": "15",
            "engine_version_actual": "15.2",
            "final_snapshot_identifier": null,
            "hosted_zone_id": "Z2R2ITUGPM61AM",
            "iam_database_authentication_enabled": false,
            "id": "terraform-20230525124756383000000002",
            "identifier": "terraform-20230525124756383000000002",
            "identifier_prefix": "terraform-",
            "instance_class": "db.t3.micro",
            "iops": 0,
            "kms_key_id": "",
            "latest_restorable_time": "",
            "license_model": "postgresql-license",
            "listener_endpoint": [],
            "maintenance_window": "thu:05:44-thu:06:14",
            "manage_master_user_password": null,
            "master_user_secret": [],
            "master_user_secret_kms_key_id": null,
            "max_allocated_storage": 0,
            "monitoring_interval": 0,
            "monitoring_role_arn": "",
            "multi_az": false,
            "name": "cred_card",
            "nchar_character_set_name": "",
            "network_type": "IPV4",
            "option_group_name": "default:postgres-15",
            "parameter_group_name": "default.postgres15",
            "password": "*Icangetit1",
            "performance_insights_enabled": false,
            "performance_insights_kms_key_id": "",
            "performance_insights_retention_period": 0,
            "port": 5432,
            "publicly_accessible": false,
            "replica_mode": "",
            "replicas": [],
            "replicate_source_db": "",
            "resource_id": "db-CUE5DD6O4WDDTG3ZZ2FEZALH5E",
            "restore_to_point_in_time": [],
            "s3_import": [],
            "security_group_names": [],
            "skip_final_snapshot": true,
            "snapshot_identifier": null,
            "status": "available",
            "storage_encrypted": false,
            "storage_throughput": 0,
            "storage_type": "gp2",
            "tags": {},
            "tags_all": {},
            "timeouts": null,
            "timezone": "",
            "username": "master_admin",
            "vpc_security_group_ids": [
              "sg-04cb8fee0972ee209"
            ]
          },
          "sensitive_attributes": [
            [
              {
                "type": "get_attr",
                "value": "password"
              }
            ],
            [
              {
                "type": "get_attr",
                "value": "username"
              }
            ]
          ],
          "private": "eyJlMmJmYjczMC1lY2FhLTExZTYtOGY4OC0zNDM2M2JjN2M0YzAiOnsiY3JlYXRlIjoyNDAwMDAwMDAwMDAwLCJkZWxldGUiOjM2MDAwMDAwMDAwMDAsInVwZGF0ZSI6NDgwMDAwMDAwMDAwMH0sInNjaGVtYV92ZXJzaW9uIjoiMSJ9",
          "dependencies": [
            "aws_db_subnet_group.cred_card_db_subnet_group",
            "aws_security_group.cred_card_db_sg",
            "aws_security_group.cred_card_web_sg",
            "aws_subnet.cred_card_private_subnet",
            "aws_vpc.cred_card_vpc",
            "data.aws_availability_zones.available"
          ]
        }
      ]
    },
    {
      "mode": "managed",
      "type": "aws_db_subnet_group",
      "name": "cred_card_db_subnet_group",
      "provider": "provider[\"registry.terraform.io/hashicorp/aws\"]",
      "instances": [
        {
          "schema_version": 0,
          "attributes": {
            "arn": "arn:aws:rds:us-east-1:088492177964:subgrp:cred_card_db_subnet_group",
            "description": "DB subnet group for cred_card",
            "id": "cred_card_db_subnet_group",
            "name": "cred_card_db_subnet_group",
            "name_prefix": "",
            "subnet_ids": [
              "subnet-0e4eff32138410b2d",
              "subnet-0f793ea1bb2fb1c70"
            ],
            "supported_network_types": [
              "IPV4"
            ],
            "tags": {},
            "tags_all": {},
            "vpc_id": "vpc-022266ad68e414cc8"
          },
          "sensitive_attributes": [],
          "private": "bnVsbA==",
          "dependencies": [
            "aws_subnet.cred_card_private_subnet",
            "aws_vpc.cred_card_vpc",
            "data.aws_availability_zones.available"
          ]
        }
      ]
    },
    {
      "mode": "managed",
      "type": "aws_eip",
      "name": "cred_card_web_eip",
      "provider": "provider[\"registry.terraform.io/hashicorp/aws\"]",
      "instances": [
        {
          "index_key": 0,
          "schema_version": 0,
          "attributes": {
            "address": null,
            "allocation_id": "eipalloc-05e4ba1f3689d5709",
            "associate_with_private_ip": null,
            "association_id": "eipassoc-0e4959fa1b8d1239a",
            "carrier_ip": "",
            "customer_owned_ip": "",
            "customer_owned_ipv4_pool": "",
            "domain": "vpc",
            "id": "eipalloc-05e4ba1f3689d5709",
            "instance": "i-0c9d98f2322b64097",
            "network_border_group": "us-east-1",
            "network_interface": "eni-01fc2d543bff8feb4",
            "private_dns": "ip-10-0-1-149.ec2.internal",
            "private_ip": "10.0.1.149",
            "public_dns": "ec2-54-236-186-107.compute-1.amazonaws.com",
            "public_ip": "54.236.186.107",
            "public_ipv4_pool": "amazon",
            "tags": {
              "Name": "cred_card_web_eip_0"
            },
            "tags_all": {
              "Name": "cred_card_web_eip_0"
            },
            "timeouts": null,
            "vpc": true
          },
          "sensitive_attributes": [],
          "private": "eyJlMmJmYjczMC1lY2FhLTExZTYtOGY4OC0zNDM2M2JjN2M0YzAiOnsiZGVsZXRlIjoxODAwMDAwMDAwMDAsInJlYWQiOjkwMDAwMDAwMDAwMCwidXBkYXRlIjozMDAwMDAwMDAwMDB9fQ==",
          "dependencies": [
            "aws_instance.cred_card_web",
            "aws_key_pair.cred_card_kp",
            "aws_security_group.cred_card_web_sg",
            "aws_subnet.cred_card_public_subnet",
            "aws_vpc.cred_card_vpc",
            "data.aws_ami.ubuntu",
            "data.aws_availability_zones.available",
            "tls_private_key.cred_card_key"
          ]
        }
      ]
    },
    {
      "mode": "managed",
      "type": "aws_instance",
      "name": "cred_card_web",
      "provider": "provider[\"registry.terraform.io/hashicorp/aws\"]",
      "instances": [
        {
          "index_key": 0,
          "schema_version": 1,
          "attributes": {
            "ami": "ami-0f57ffe8bd04fa66d",
            "arn": "arn:aws:ec2:us-east-1:088492177964:instance/i-0c9d98f2322b64097",
            "associate_public_ip_address": true,
            "availability_zone": "us-east-1a",
            "capacity_reservation_specification": [
              {
                "capacity_reservation_preference": "open",
                "capacity_reservation_target": []
              }
            ],
            "cpu_core_count": 1,
            "cpu_options": [
              {
                "amd_sev_snp": "",
                "core_count": 1,
                "threads_per_core": 1
              }
            ],
            "cpu_threads_per_core": 1,
            "credit_specification": [
              {
                "cpu_credits": "standard"
              }
            ],
            "disable_api_stop": false,
            "disable_api_termination": false,
            "ebs_block_device": [],
            "ebs_optimized": false,
            "enclave_options": [
              {
                "enabled": false
              }
            ],
            "ephemeral_block_device": [],
            "get_password_data": false,
            "hibernation": false,
            "host_id": "",
            "host_resource_group_arn": null,
            "iam_instance_profile": "",
            "id": "i-0c9d98f2322b64097",
            "instance_initiated_shutdown_behavior": "stop",
            "instance_state": "running",
            "instance_type": "t2.micro",
            "ipv6_address_count": 0,
            "ipv6_addresses": [],
            "key_name": "cred_card_kp",
            "launch_template": [],
            "maintenance_options": [
              {
                "auto_recovery": "default"
              }
            ],
            "metadata_options": [
              {
                "http_endpoint": "enabled",
                "http_put_response_hop_limit": 1,
                "http_tokens": "optional",
                "instance_metadata_tags": "disabled"
              }
            ],
            "monitoring": false,
            "network_interface": [],
            "outpost_arn": "",
            "password_data": "",
            "placement_group": "",
            "placement_partition_number": 0,
            "primary_network_interface_id": "eni-01fc2d543bff8feb4",
            "private_dns": "ip-10-0-1-149.ec2.internal",
            "private_dns_name_options": [
              {
                "enable_resource_name_dns_a_record": false,
                "enable_resource_name_dns_aaaa_record": false,
                "hostname_type": "ip-name"
              }
            ],
            "private_ip": "10.0.1.149",
            "public_dns": "ec2-54-236-186-107.compute-1.amazonaws.com",
            "public_ip": "54.236.186.107",
            "root_block_device": [
              {
                "delete_on_termination": true,
                "device_name": "/dev/sda1",
                "encrypted": false,
                "iops": 100,
                "kms_key_id": "",
                "tags": {},
                "throughput": 0,
                "volume_id": "vol-0aa9bb0621796926c",
                "volume_size": 8,
                "volume_type": "gp2"
              }
            ],
            "secondary_private_ips": [],
            "security_groups": [],
            "source_dest_check": true,
            "subnet_id": "subnet-04a5cb0f4674bc259",
            "tags": {
              "Name": "cred_card_web_0"
            },
            "tags_all": {
              "Name": "cred_card_web_0"
            },
            "tenancy": "default",
            "timeouts": null,
            "user_data": null,
            "user_data_base64": null,
            "user_data_replace_on_change": false,
            "volume_tags": null,
            "vpc_security_group_ids": [
              "sg-0080efb7e9f31f867"
            ]
          },
          "sensitive_attributes": [],
          "private": "eyJlMmJmYjczMC1lY2FhLTExZTYtOGY4OC0zNDM2M2JjN2M0YzAiOnsiY3JlYXRlIjo2MDAwMDAwMDAwMDAsImRlbGV0ZSI6MTIwMDAwMDAwMDAwMCwidXBkYXRlIjo2MDAwMDAwMDAwMDB9LCJzY2hlbWFfdmVyc2lvbiI6IjEifQ==",
          "dependencies": [
            "aws_key_pair.cred_card_kp",
            "aws_security_group.cred_card_web_sg",
            "aws_subnet.cred_card_public_subnet",
            "aws_vpc.cred_card_vpc",
            "data.aws_ami.ubuntu",
            "data.aws_availability_zones.available",
            "tls_private_key.cred_card_key"
          ]
        }
      ]
    },
    {
      "mode": "managed",
      "type": "aws_internet_gateway",
      "name": "cred_card_igw",
      "provider": "provider[\"registry.terraform.io/hashicorp/aws\"]",
      "instances": [
        {
          "schema_version": 0,
          "attributes": {
            "arn": "arn:aws:ec2:us-east-1:088492177964:internet-gateway/igw-0491c48a88b5c12cf",
            "id": "igw-0491c48a88b5c12cf",
            "owner_id": "088492177964",
            "tags": {
              "Name": "cred_card_igw"
            },
            "tags_all": {
              "Name": "cred_card_igw"
            },
            "timeouts": null,
            "vpc_id": "vpc-022266ad68e414cc8"
          },
          "sensitive_attributes": [],
          "private": "eyJlMmJmYjczMC1lY2FhLTExZTYtOGY4OC0zNDM2M2JjN2M0YzAiOnsiY3JlYXRlIjoxMjAwMDAwMDAwMDAwLCJkZWxldGUiOjEyMDAwMDAwMDAwMDAsInVwZGF0ZSI6MTIwMDAwMDAwMDAwMH19",
          "dependencies": [
            "aws_vpc.cred_card_vpc"
          ]
        }
      ]
    },
    {
      "mode": "managed",
      "type": "aws_key_pair",
      "name": "cred_card_kp",
      "provider": "provider[\"registry.terraform.io/hashicorp/aws\"]",
      "instances": [
        {
          "schema_version": 1,
          "attributes": {
            "arn": "arn:aws:ec2:us-east-1:088492177964:key-pair/cred_card_kp",
            "fingerprint": "53:06:11:2a:32:b4:13:c2:16:73:a6:9a:ef:ac:51:31",
            "id": "cred_card_kp",
            "key_name": "cred_card_kp",
            "key_name_prefix": "",
            "key_pair_id": "key-048e0c179ed820168",
            "key_type": "rsa",
            "public_key": "ssh-rsa AAAAB3NzaC1yc2EAAAADAQABAAACAQDYQJ7Ufv+ao6ZJAPdbXFCDzlrm16Nf6xaJrAjLPjF2taNuhrrjgFRgPVjA+2JncjCq7+DOM65d3pI/LbKOYM1EJLa6wVIUN8nsFhFFx6N7jDpFtIOZffPoDp/iPfjABgKR4qowJHWwXpvAtn6zX+6Z4eYnPCyfmGA9f4bgfMCAhuI/EyVKp8P2bJadibA1U1FY8C9GvgcisOJ88PzcP5uQnc7QpGrUqeUu/rPpyhCWfJ+sIT5tseNnBzKm4bBWIOTjKUIKfBvuXH/dE8IFYnQyk5rHdOIFl15tnZOZesD4b41DSvPZwnUllJoNF0c7qG4a0UkUyVZEHvOt5gRCF9W0iUUDAA+yVDO9/RKfz5zdrvOphbOGNBUcBVZZqj5I75UKPHa9jnJMIG1kABF67RqR7It96BnmBXqio10/Abj0ww7PKUpqxcRRrLY6cF+FuWrEhI94qRVRy2aN9XntUABEXpslBHcfXHsenuCaAjjnEGxt2v3pxO9mZD/i4R8HgYfXP2RVRC098PlhzOxB/lkHfAjqzOxyw8agVSyzx3E0E0iePoqwgArQvPtVnklh6d+CSqYRJUTSN3FXgakobtNOOCp1OETANo6jsEbUM9tpMWuS13qKV7Hiu2v4PxOxPMTLGnAiRIGa3DLP1YvAsV2yggGnOdO0dNuz5KSMPjY7Jw==",
            "tags": {},
            "tags_all": {}
          },
          "sensitive_attributes": [],
          "private": "eyJzY2hlbWFfdmVyc2lvbiI6IjEifQ==",
          "dependencies": [
            "tls_private_key.cred_card_key"
          ]
        }
      ]
    },
    {
      "mode": "managed",
      "type": "aws_route_table",
      "name": "cred_card_private_rt",
      "provider": "provider[\"registry.terraform.io/hashicorp/aws\"]",
      "instances": [
        {
          "schema_version": 0,
          "attributes": {
            "arn": "arn:aws:ec2:us-east-1:088492177964:route-table/rtb-0dcafd21fc9738dfc",
            "id": "rtb-0dcafd21fc9738dfc",
            "owner_id": "088492177964",
            "propagating_vgws": [],
            "route": [],
            "tags": {},
            "tags_all": {},
            "timeouts": null,
            "vpc_id": "vpc-022266ad68e414cc8"
          },
          "sensitive_attributes": [],
          "private": "eyJlMmJmYjczMC1lY2FhLTExZTYtOGY4OC0zNDM2M2JjN2M0YzAiOnsiY3JlYXRlIjozMDAwMDAwMDAwMDAsImRlbGV0ZSI6MzAwMDAwMDAwMDAwLCJ1cGRhdGUiOjEyMDAwMDAwMDAwMH19",
          "dependencies": [
            "aws_vpc.cred_card_vpc"
          ]
        }
      ]
    },
    {
      "mode": "managed",
      "type": "aws_route_table",
      "name": "cred_card_public_rt",
      "provider": "provider[\"registry.terraform.io/hashicorp/aws\"]",
      "instances": [
        {
          "schema_version": 0,
          "attributes": {
            "arn": "arn:aws:ec2:us-east-1:088492177964:route-table/rtb-049dfa43efffb1e26",
            "id": "rtb-049dfa43efffb1e26",
            "owner_id": "088492177964",
            "propagating_vgws": [],
            "route": [
              {
                "carrier_gateway_id": "",
                "cidr_block": "0.0.0.0/0",
                "core_network_arn": "",
                "destination_prefix_list_id": "",
                "egress_only_gateway_id": "",
                "gateway_id": "igw-0491c48a88b5c12cf",
                "instance_id": "",
                "ipv6_cidr_block": "",
                "local_gateway_id": "",
                "nat_gateway_id": "",
                "network_interface_id": "",
                "transit_gateway_id": "",
                "vpc_endpoint_id": "",
                "vpc_peering_connection_id": ""
              }
            ],
            "tags": {},
            "tags_all": {},
            "timeouts": null,
            "vpc_id": "vpc-022266ad68e414cc8"
          },
          "sensitive_attributes": [],
          "private": "eyJlMmJmYjczMC1lY2FhLTExZTYtOGY4OC0zNDM2M2JjN2M0YzAiOnsiY3JlYXRlIjozMDAwMDAwMDAwMDAsImRlbGV0ZSI6MzAwMDAwMDAwMDAwLCJ1cGRhdGUiOjEyMDAwMDAwMDAwMH19",
          "dependencies": [
            "aws_internet_gateway.cred_card_igw",
            "aws_vpc.cred_card_vpc"
          ]
        }
      ]
    },
    {
      "mode": "managed",
      "type": "aws_route_table_association",
      "name": "private",
      "provider": "provider[\"registry.terraform.io/hashicorp/aws\"]",
      "instances": [
        {
          "index_key": 0,
          "schema_version": 0,
          "attributes": {
            "gateway_id": "",
            "id": "rtbassoc-0a200a2fac60a9eba",
            "route_table_id": "rtb-0dcafd21fc9738dfc",
            "subnet_id": "subnet-0e4eff32138410b2d",
            "timeouts": null
          },
          "sensitive_attributes": [],
          "private": "eyJlMmJmYjczMC1lY2FhLTExZTYtOGY4OC0zNDM2M2JjN2M0YzAiOnsiY3JlYXRlIjozMDAwMDAwMDAwMDAsImRlbGV0ZSI6MzAwMDAwMDAwMDAwLCJ1cGRhdGUiOjEyMDAwMDAwMDAwMH19",
          "dependencies": [
            "aws_route_table.cred_card_private_rt",
            "aws_subnet.cred_card_private_subnet",
            "aws_vpc.cred_card_vpc",
            "data.aws_availability_zones.available"
          ]
        },
        {
          "index_key": 1,
          "schema_version": 0,
          "attributes": {
            "gateway_id": "",
            "id": "rtbassoc-0c36dc195f2aee681",
            "route_table_id": "rtb-0dcafd21fc9738dfc",
            "subnet_id": "subnet-0f793ea1bb2fb1c70",
            "timeouts": null
          },
          "sensitive_attributes": [],
          "private": "eyJlMmJmYjczMC1lY2FhLTExZTYtOGY4OC0zNDM2M2JjN2M0YzAiOnsiY3JlYXRlIjozMDAwMDAwMDAwMDAsImRlbGV0ZSI6MzAwMDAwMDAwMDAwLCJ1cGRhdGUiOjEyMDAwMDAwMDAwMH19",
          "dependencies": [
            "aws_route_table.cred_card_private_rt",
            "aws_subnet.cred_card_private_subnet",
            "aws_vpc.cred_card_vpc",
            "data.aws_availability_zones.available"
          ]
        }
      ]
    },
    {
      "mode": "managed",
      "type": "aws_route_table_association",
      "name": "public",
      "provider": "provider[\"registry.terraform.io/hashicorp/aws\"]",
      "instances": [
        {
          "index_key": 0,
          "schema_version": 0,
          "attributes": {
            "gateway_id": "",
            "id": "rtbassoc-077de04f03d74b15b",
            "route_table_id": "rtb-049dfa43efffb1e26",
            "subnet_id": "subnet-04a5cb0f4674bc259",
            "timeouts": null
          },
          "sensitive_attributes": [],
          "private": "eyJlMmJmYjczMC1lY2FhLTExZTYtOGY4OC0zNDM2M2JjN2M0YzAiOnsiY3JlYXRlIjozMDAwMDAwMDAwMDAsImRlbGV0ZSI6MzAwMDAwMDAwMDAwLCJ1cGRhdGUiOjEyMDAwMDAwMDAwMH19",
          "dependencies": [
            "aws_internet_gateway.cred_card_igw",
            "aws_route_table.cred_card_public_rt",
            "aws_subnet.cred_card_public_subnet",
            "aws_vpc.cred_card_vpc",
            "data.aws_availability_zones.available"
          ]
        }
      ]
    },
    {
      "mode": "managed",
      "type": "aws_security_group",
      "name": "cred_card_db_sg",
      "provider": "provider[\"registry.terraform.io/hashicorp/aws\"]",
      "instances": [
        {
          "schema_version": 1,
          "attributes": {
            "arn": "arn:aws:ec2:us-east-1:088492177964:security-group/sg-04cb8fee0972ee209",
            "description": "Security group for cred_card databases",
            "egress": [],
            "id": "sg-04cb8fee0972ee209",
            "ingress": [
              {
                "cidr_blocks": [],
                "description": "Allow MySQL traffic from only the web sg",
                "from_port": 5432,
                "ipv6_cidr_blocks": [],
                "prefix_list_ids": [],
                "protocol": "tcp",
                "security_groups": [
                  "sg-0080efb7e9f31f867"
                ],
                "self": false,
                "to_port": 5432
              }
            ],
            "name": "cred_card_db_sg",
            "name_prefix": "",
            "owner_id": "088492177964",
            "revoke_rules_on_delete": false,
            "tags": {
              "Name": "cred_card_db_sg"
            },
            "tags_all": {
              "Name": "cred_card_db_sg"
            },
            "timeouts": null,
            "vpc_id": "vpc-022266ad68e414cc8"
          },
          "sensitive_attributes": [],
          "private": "eyJlMmJmYjczMC1lY2FhLTExZTYtOGY4OC0zNDM2M2JjN2M0YzAiOnsiY3JlYXRlIjo2MDAwMDAwMDAwMDAsImRlbGV0ZSI6OTAwMDAwMDAwMDAwfSwic2NoZW1hX3ZlcnNpb24iOiIxIn0=",
          "dependencies": [
            "aws_security_group.cred_card_web_sg",
            "aws_vpc.cred_card_vpc"
          ]
        }
      ]
    },
    {
      "mode": "managed",
      "type": "aws_security_group",
      "name": "cred_card_web_sg",
      "provider": "provider[\"registry.terraform.io/hashicorp/aws\"]",
      "instances": [
        {
          "schema_version": 1,
          "attributes": {
            "arn": "arn:aws:ec2:us-east-1:088492177964:security-group/sg-0080efb7e9f31f867",
            "description": "Security group for cred_card web servers",
            "egress": [
              {
                "cidr_blocks": [
                  "0.0.0.0/0"
                ],
                "description": "Allow all outbound traffic",
                "from_port": 0,
                "ipv6_cidr_blocks": [],
                "prefix_list_ids": [],
                "protocol": "-1",
                "security_groups": [],
                "self": false,
                "to_port": 0
              }
            ],
            "id": "sg-0080efb7e9f31f867",
            "ingress": [
              {
                "cidr_blocks": [
                  "0.0.0.0/0"
                ],
                "description": "Allow all traffic through HTTP",
                "from_port": 80,
                "ipv6_cidr_blocks": [],
                "prefix_list_ids": [],
                "protocol": "tcp",
                "security_groups": [],
                "self": false,
                "to_port": 80
              },
              {
                "cidr_blocks": [
                  "187.19.177.73/32"
                ],
                "description": "Allow SSH from my computer",
                "from_port": 22,
                "ipv6_cidr_blocks": [],
                "prefix_list_ids": [],
                "protocol": "tcp",
                "security_groups": [],
                "self": false,
                "to_port": 22
              }
            ],
            "name": "cred_card_web_sg",
            "name_prefix": "",
            "owner_id": "088492177964",
            "revoke_rules_on_delete": false,
            "tags": {
              "Name": "cred_card_web_sg"
            },
            "tags_all": {
              "Name": "cred_card_web_sg"
            },
            "timeouts": null,
            "vpc_id": "vpc-022266ad68e414cc8"
          },
          "sensitive_attributes": [
            [
              {
                "type": "get_attr",
                "value": "ingress"
              }
            ]
          ],
          "private": "eyJlMmJmYjczMC1lY2FhLTExZTYtOGY4OC0zNDM2M2JjN2M0YzAiOnsiY3JlYXRlIjo2MDAwMDAwMDAwMDAsImRlbGV0ZSI6OTAwMDAwMDAwMDAwfSwic2NoZW1hX3ZlcnNpb24iOiIxIn0=",
          "dependencies": [
            "aws_vpc.cred_card_vpc"
          ]
        }
      ]
    },
    {
      "mode": "managed",
      "type": "aws_subnet",
      "name": "cred_card_private_subnet",
      "provider": "provider[\"registry.terraform.io/hashicorp/aws\"]",
      "instances": [
        {
          "index_key": 0,
          "schema_version": 1,
          "attributes": {
            "arn": "arn:aws:ec2:us-east-1:088492177964:subnet/subnet-0e4eff32138410b2d",
            "assign_ipv6_address_on_creation": false,
            "availability_zone": "us-east-1a",
            "availability_zone_id": "use1-az4",
            "cidr_block": "10.0.101.0/24",
            "customer_owned_ipv4_pool": "",
            "enable_dns64": false,
            "enable_lni_at_device_index": 0,
            "enable_resource_name_dns_a_record_on_launch": false,
            "enable_resource_name_dns_aaaa_record_on_launch": false,
            "id": "subnet-0e4eff32138410b2d",
            "ipv6_cidr_block": "",
            "ipv6_cidr_block_association_id": "",
            "ipv6_native": false,
            "map_customer_owned_ip_on_launch": false,
            "map_public_ip_on_launch": false,
            "outpost_arn": "",
            "owner_id": "088492177964",
            "private_dns_hostname_type_on_launch": "ip-name",
            "tags": {
              "Name": "cred_card_private_subnet_0"
            },
            "tags_all": {
              "Name": "cred_card_private_subnet_0"
            },
            "timeouts": null,
            "vpc_id": "vpc-022266ad68e414cc8"
          },
          "sensitive_attributes": [],
          "private": "eyJlMmJmYjczMC1lY2FhLTExZTYtOGY4OC0zNDM2M2JjN2M0YzAiOnsiY3JlYXRlIjo2MDAwMDAwMDAwMDAsImRlbGV0ZSI6MTIwMDAwMDAwMDAwMH0sInNjaGVtYV92ZXJzaW9uIjoiMSJ9",
          "dependencies": [
            "aws_vpc.cred_card_vpc",
            "data.aws_availability_zones.available"
          ]
        },
        {
          "index_key": 1,
          "schema_version": 1,
          "attributes": {
            "arn": "arn:aws:ec2:us-east-1:088492177964:subnet/subnet-0f793ea1bb2fb1c70",
            "assign_ipv6_address_on_creation": false,
            "availability_zone": "us-east-1b",
            "availability_zone_id": "use1-az6",
            "cidr_block": "10.0.102.0/24",
            "customer_owned_ipv4_pool": "",
            "enable_dns64": false,
            "enable_lni_at_device_index": 0,
            "enable_resource_name_dns_a_record_on_launch": false,
            "enable_resource_name_dns_aaaa_record_on_launch": false,
            "id": "subnet-0f793ea1bb2fb1c70",
            "ipv6_cidr_block": "",
            "ipv6_cidr_block_association_id": "",
            "ipv6_native": false,
            "map_customer_owned_ip_on_launch": false,
            "map_public_ip_on_launch": false,
            "outpost_arn": "",
            "owner_id": "088492177964",
            "private_dns_hostname_type_on_launch": "ip-name",
            "tags": {
              "Name": "cred_card_private_subnet_1"
            },
            "tags_all": {
              "Name": "cred_card_private_subnet_1"
            },
            "timeouts": null,
            "vpc_id": "vpc-022266ad68e414cc8"
          },
          "sensitive_attributes": [],
          "private": "eyJlMmJmYjczMC1lY2FhLTExZTYtOGY4OC0zNDM2M2JjN2M0YzAiOnsiY3JlYXRlIjo2MDAwMDAwMDAwMDAsImRlbGV0ZSI6MTIwMDAwMDAwMDAwMH0sInNjaGVtYV92ZXJzaW9uIjoiMSJ9",
          "dependencies": [
            "aws_vpc.cred_card_vpc",
            "data.aws_availability_zones.available"
          ]
        }
      ]
    },
    {
      "mode": "managed",
      "type": "aws_subnet",
      "name": "cred_card_public_subnet",
      "provider": "provider[\"registry.terraform.io/hashicorp/aws\"]",
      "instances": [
        {
          "index_key": 0,
          "schema_version": 1,
          "attributes": {
            "arn": "arn:aws:ec2:us-east-1:088492177964:subnet/subnet-04a5cb0f4674bc259",
            "assign_ipv6_address_on_creation": false,
            "availability_zone": "us-east-1a",
            "availability_zone_id": "use1-az4",
            "cidr_block": "10.0.1.0/24",
            "customer_owned_ipv4_pool": "",
            "enable_dns64": false,
            "enable_lni_at_device_index": 0,
            "enable_resource_name_dns_a_record_on_launch": false,
            "enable_resource_name_dns_aaaa_record_on_launch": false,
            "id": "subnet-04a5cb0f4674bc259",
            "ipv6_cidr_block": "",
            "ipv6_cidr_block_association_id": "",
            "ipv6_native": false,
            "map_customer_owned_ip_on_launch": false,
            "map_public_ip_on_launch": false,
            "outpost_arn": "",
            "owner_id": "088492177964",
            "private_dns_hostname_type_on_launch": "ip-name",
            "tags": {
              "Name": "cred_card_public_subnet_0"
            },
            "tags_all": {
              "Name": "cred_card_public_subnet_0"
            },
            "timeouts": null,
            "vpc_id": "vpc-022266ad68e414cc8"
          },
          "sensitive_attributes": [],
          "private": "eyJlMmJmYjczMC1lY2FhLTExZTYtOGY4OC0zNDM2M2JjN2M0YzAiOnsiY3JlYXRlIjo2MDAwMDAwMDAwMDAsImRlbGV0ZSI6MTIwMDAwMDAwMDAwMH0sInNjaGVtYV92ZXJzaW9uIjoiMSJ9",
          "dependencies": [
            "aws_vpc.cred_card_vpc",
            "data.aws_availability_zones.available"
          ]
        }
      ]
    },
    {
      "mode": "managed",
      "type": "aws_vpc",
      "name": "cred_card_vpc",
      "provider": "provider[\"registry.terraform.io/hashicorp/aws\"]",
      "instances": [
        {
          "schema_version": 1,
          "attributes": {
            "arn": "arn:aws:ec2:us-east-1:088492177964:vpc/vpc-022266ad68e414cc8",
            "assign_generated_ipv6_cidr_block": false,
            "cidr_block": "10.0.0.0/16",
            "default_network_acl_id": "acl-0652c7a31d91b9b50",
            "default_route_table_id": "rtb-0ab1932dbb47b8587",
            "default_security_group_id": "sg-0025a483144bc4b05",
            "dhcp_options_id": "dopt-0eecc45efa85f7eef",
            "enable_classiclink": false,
            "enable_classiclink_dns_support": false,
            "enable_dns_hostnames": true,
            "enable_dns_support": true,
            "enable_network_address_usage_metrics": false,
            "id": "vpc-022266ad68e414cc8",
            "instance_tenancy": "default",
            "ipv4_ipam_pool_id": null,
            "ipv4_netmask_length": null,
            "ipv6_association_id": "",
            "ipv6_cidr_block": "",
            "ipv6_cidr_block_network_border_group": "",
            "ipv6_ipam_pool_id": "",
            "ipv6_netmask_length": 0,
            "main_route_table_id": "rtb-0ab1932dbb47b8587",
            "owner_id": "088492177964",
            "tags": {
              "Name": "cred_card_vpc"
            },
            "tags_all": {
              "Name": "cred_card_vpc"
            }
          },
          "sensitive_attributes": [],
          "private": "eyJzY2hlbWFfdmVyc2lvbiI6IjEifQ=="
        }
      ]
    },
    {
      "mode": "managed",
      "type": "local_file",
      "name": "local_pri_key",
      "provider": "provider[\"registry.terraform.io/hashicorp/local\"]",
      "instances": [
        {
          "schema_version": 0,
          "attributes": {
            "content": "-----BEGIN RSA PRIVATE KEY-----\nMIIJKQIBAAKCAgEA2ECe1H7/mqOmSQD3W1xQg85a5tejX+sWiawIyz4xdrWjboa6\n44BUYD1YwPtiZ3Iwqu/gzjOuXd6SPy2yjmDNRCS2usFSFDfJ7BYRRceje4w6RbSD\nmX3z6A6f4j34wAYCkeKqMCR1sF6bwLZ+s1/umeHmJzwsn5hgPX+G4HzAgIbiPxMl\nSqfD9myWnYmwNVNRWPAvRr4HIrDifPD83D+bkJ3O0KRq1KnlLv6z6coQlnyfrCE+\nbbHjZwcypuGwViDk4ylCCnwb7lx/3RPCBWJ0MpOax3TiBZdebZ2TmXrA+G+NQ0rz\n2cJ1JZSaDRdHO6huGtFJFMlWRB7zreYEQhfVtIlFAwAPslQzvf0Sn8+c3a7zqYWz\nhjQVHAVWWao+SO+VCjx2vY5yTCBtZAAReu0akeyLfegZ5gV6oqNdPwG49MMOzylK\nasXEUay2OnBfhblqxISPeKkVUctmjfV57VAARF6bJQR3H1x7Hp7gmgI45xBsbdr9\n6cTvZmQ/4uEfB4GH1z9kVUQtPfD5YczsQf5ZB3wI6szscsPGoFUss8dxNBNInj6K\nsIAK0Lz7VZ5JYenfgkqmESVE0jdxV4GpKG7TTjgqdThEwDaOo7BG1DPbaTFrktd6\nilex4rtr+D8TsTzEyxpwIkSBmtwyz9WLwLFdsoIBpznTtHTbs+SkjD42OycCAwEA\nAQKCAgEAv/Tsh/eLcHsfmeHvr/tLxRQhgJOdhAEr6lz5GWBFi/hD8FJMBrHdM+iA\nphz/BpBIPxPbW25osw5khwxLWTL4QirMwQ3li+jRpm0YO/awWXTqLQHFZzR0k2KX\n7b3Q1rL/CPxI0Z8rkLkKTJAx+4uGQrZRFDbH7YrWswBGe3KBdhVFM3QNQC2XN2DA\neWrFLTCeHvJlJMh9kP+uq/VGn0MfFcne0TmBUvDUbVjN3xLskohhO+vufHTRRJ0R\nCy1+15UvV61B4Ai2ymj1XwqwyRLRzitT0wUftJLe0TJ02GIsdNqgbEFWH9ALKKa1\n8DTfmEc0JT3tPzRRDPrkl1J8KSb7HDqNZ8uM2PLgLlnfWDcj0raORcmEL3PSh4cn\n+ZMQqeLN0EuQiDtpVLT994qnDtje/X7Zy1OBU0qK+M3kQ/dGpz6xkmf4kfMOfBfK\npWzhi3ixbZOy5ti+MOCch9fNi3FsgMgGyBONMMaS9DQ1XPOpA+IwZYgl0OMUKkxH\n2FeOuWYwlANr0OUG2XpyzYC5/ro/a/dj+pmGaKbw0AwnDte2qMT0ur7+GWyru93j\nuDnFzIHyB/3t1F+r3XKJ1kji7ypr6yl1aI583i/5dP0sfEqvjjeWVMj8EFpEO3fy\n+Ja0MDSlUoX0pGdQSKdUA2F81SrYUG3zGT6/LW8PZJoRCEyX8UECggEBAO+CtI5b\ngy4P0xcIHOM+Cbqdu/iM9256r+jBQRlZsHLewzD2tgrm2naQaYM9nieDRQFZ/AbR\nUNp88V7fk/+UKZJ4mS0tA7ZirkMP4cIvRrybX5cYcbNwKMKR9iJhxchU+a6YV6J2\nWyunDBKj2LaGXlpZzy8kM50ZOI3cDRh94PCL8fCu30prZHzYLSTgDyhJ9I7nsbQI\nQravLpxPpkbGwOq22awWIow4Hc0ksboIaaLTVuzFZuGJBlrg28iosXv8oa4JdLow\nKzgdncsq8NIBROSEln6McG/c3eeH/DHefZt0S46lwr6GWC51K0yC05IilV18gf+z\nE1mvRhcBvEkQi7cCggEBAOcj/35LpnxFwvMluWsJcIRal088Ar66xP8Fe9160+E/\nzwsk+SRKmuwLjU5j0RWM7Bj9M32vvONkZ7ZWmaVJ3Kv8C2XdlebQmTzAb8JbQ8G5\nTVXhTI+VAwTGlF+Al7JfaDRSMED781/6P6GSw4/YWI39rJnmHd1kQB/V0QQe7JSD\nalrdMCAvLy4kN0W/3Amvm0eJJ/+r6YM0r6tdzQWQ3NhCxQ6wZpTTp+tgyHZ3vQUx\n2Phf1QFc4SQcwwAQ5W7DZHXrPEVFc7aC0JVa3O9C6ni60du4gUGlRgstextdkZZ/\n93chBysh9ZvBzXRFncffZmBKf3Uccq3J77YKp+eyrBECggEAG5AZI0DYydY8Xqwq\nVuRuzjEUzre6SdaIo+qJiVdO/QkxwVLDBGIoxfg8jEPtDXMH3+3xGP/BpEM4q8hj\nCciNODP0vMQvZy/YChOr0WMLau0ehQ7lFtdTeYC+qJpD3pgY28TgYOvp9g4VT5fX\nernf5dnsA+rQncWnQnwObcEev8/7Gc2mGLRfLhbaqyG13NcV89QqGSPSOZ/TZ12r\nLv30eY5tYmZxt11F4LPWWChbr8dOe5UED/Rq7M5vvJndQv2BxbuE2WBtuNl/rT/V\n0vUeboXro8iZr+XlC54UodCO9/LcNyBQVwiy4TXOs9Fic7DTK50GgNyk329SS5eB\niY8D5QKCAQAwlEJIewHcsJTOoakcs/kv+BJBFu3ExGBO8QodfIk3mD+dqgGq/Pse\njTb/uL7i9qFQhzbhPaRHbnzVt9HHCYUVqH2ExVOSFVl/iTpz8NaGyrlUSWvb6Yee\n41Wf1NkNJjwycuutXMbD70acYMo1W1URUrWKCvFP7JgFmNy7LvyuIgiiXEaXHROf\ncQEk6bQHXR8Xo94CQFFtwA8Dx00l1FJ2KWJdOfn1YZ6zO74mF/hkNRvS5+FOzgSL\noHfjdami4/IjTnN2Y6h0PX41RcmVh8zb3vfoZBjWgTP9eWucTsggh3itUwW8rQB/\n4fWacF8++Nb9eerb5ES9/ekhq4+qhMThAoIBAQDnxeWrFmH3Ru2iOBamIuGXoSyL\n8YMzcW0mDjTbeXGq6YEcNwF6lv63KXWvFXcL6cZIo5nBmp5MGQ+1SQIEDiNpI3Uh\nvW4wefNHCLr7klsj5IsbvVi4dgIu5dltwrK/IGPr4OgM4m3b1fvVPhqsHlxeVtuX\nx8l4ZhhT4P5UIO9qBrBIFFLdyXdLu7yQaN/XOHOpJ/QePyEgRCWgbMGHa7helGJy\nquzo/suD7fmRxiBXMbKwTkOAtLj8X8tbAT5pFRWkldUat6QCAIxrSv2sTANN8YTC\nFPiPfzzTeC5PsSkNQQ+f3UKCOfiATNVAou5AISpoJZvWXrRfB6lENA7fQ1d8\n-----END RSA PRIVATE KEY-----\n",
            "content_base64": null,
            "content_base64sha256": "BNaRI/f+uIryGotWoFHrbGYBHHM0T2OPkvQVe610Uvc=",
            "content_base64sha512": "AcXHT1XdW10LyQdJH0GY1s/bUNNLgqT1h54OS/hppWezklzm5hCFK3pIptzNFo8GHh28hKAWvMA5PFyjPXW76A==",
            "content_md5": "2ad875526ef3420b9755daf5cc43e2c8",
            "content_sha1": "92628cb8a1d81ce94f8634a5b416803a10c4ce13",
            "content_sha256": "04d69123f7feb88af21a8b56a051eb6c66011c73344f638f92f4157bad7452f7",
            "content_sha512": "01c5c74f55dd5b5d0bc907491f4198d6cfdb50d34b82a4f5879e0e4bf869a567b3925ce6e610852b7a48a6dccd168f061e1dbc84a016bcc0393c5ca33d75bbe8",
            "directory_permission": "0777",
            "file_permission": "0400",
            "filename": "cred_card_kp.pem",
            "id": "92628cb8a1d81ce94f8634a5b416803a10c4ce13",
            "sensitive_content": null,
            "source": null
          },
          "sensitive_attributes": [
            [
              {
                "type": "get_attr",
                "value": "content"
              }
            ]
          ],
          "dependencies": [
            "tls_private_key.cred_card_key"
          ]
        }
      ]
    },
    {
      "mode": "managed",
      "type": "local_file",
      "name": "local_pub_key",
      "provider": "provider[\"registry.terraform.io/hashicorp/local\"]",
      "instances": [
        {
          "schema_version": 0,
          "attributes": {
            "content": "ssh-rsa AAAAB3NzaC1yc2EAAAADAQABAAACAQDYQJ7Ufv+ao6ZJAPdbXFCDzlrm16Nf6xaJrAjLPjF2taNuhrrjgFRgPVjA+2JncjCq7+DOM65d3pI/LbKOYM1EJLa6wVIUN8nsFhFFx6N7jDpFtIOZffPoDp/iPfjABgKR4qowJHWwXpvAtn6zX+6Z4eYnPCyfmGA9f4bgfMCAhuI/EyVKp8P2bJadibA1U1FY8C9GvgcisOJ88PzcP5uQnc7QpGrUqeUu/rPpyhCWfJ+sIT5tseNnBzKm4bBWIOTjKUIKfBvuXH/dE8IFYnQyk5rHdOIFl15tnZOZesD4b41DSvPZwnUllJoNF0c7qG4a0UkUyVZEHvOt5gRCF9W0iUUDAA+yVDO9/RKfz5zdrvOphbOGNBUcBVZZqj5I75UKPHa9jnJMIG1kABF67RqR7It96BnmBXqio10/Abj0ww7PKUpqxcRRrLY6cF+FuWrEhI94qRVRy2aN9XntUABEXpslBHcfXHsenuCaAjjnEGxt2v3pxO9mZD/i4R8HgYfXP2RVRC098PlhzOxB/lkHfAjqzOxyw8agVSyzx3E0E0iePoqwgArQvPtVnklh6d+CSqYRJUTSN3FXgakobtNOOCp1OETANo6jsEbUM9tpMWuS13qKV7Hiu2v4PxOxPMTLGnAiRIGa3DLP1YvAsV2yggGnOdO0dNuz5KSMPjY7Jw==\n",
            "content_base64": null,
            "content_base64sha256": "tfAUHQuHPhT+b+yFVCLhAe1J5BxUfjCU0GDwrsagCR4=",
            "content_base64sha512": "9xP8ZDnf8TOyAhx+A7c+J+Deyw/QtE24H0ge+oL4mbEhF6Xra1ObJX8QkYPqV8NwxakqjSqJDhvSHfqDkWbVmw==",
            "content_md5": "e4e76245e24f62adc0e1c0483cffde40",
            "content_sha1": "f1798b822130950a808ce5443094b0e93add2d82",
            "content_sha256": "b5f0141d0b873e14fe6fec855422e101ed49e41c547e3094d060f0aec6a0091e",
            "content_sha512": "f713fc6439dff133b2021c7e03b73e27e0decb0fd0b44db81f481efa82f899b12117a5eb6b539b257f109183ea57c370c5a92a8d2a890e1bd21dfa839166d59b",
            "directory_permission": "0777",
            "file_permission": "0400",
            "filename": "cred_card_kp.pub",
            "id": "f1798b822130950a808ce5443094b0e93add2d82",
            "sensitive_content": null,
            "source": null
          },
          "sensitive_attributes": [],
          "dependencies": [
            "tls_private_key.cred_card_key"
          ]
        }
      ]
    },
    {
      "mode": "managed",
      "type": "tls_private_key",
      "name": "cred_card_key",
      "provider": "provider[\"registry.terraform.io/hashicorp/tls\"]",
      "instances": [
        {
          "schema_version": 1,
          "attributes": {
            "algorithm": "RSA",
            "ecdsa_curve": "P224",
            "id": "262665c188bc5d4f4017ff457185632e2dce790e",
            "private_key_openssh": "-----BEGIN OPENSSH PRIVATE KEY-----\nb3BlbnNzaC1rZXktdjEAAAAABG5vbmUAAAAEbm9uZQAAAAAAAAABAAACFwAAAAdz\nc2gtcnNhAAAAAwEAAQAAAgEA2ECe1H7/mqOmSQD3W1xQg85a5tejX+sWiawIyz4x\ndrWjboa644BUYD1YwPtiZ3Iwqu/gzjOuXd6SPy2yjmDNRCS2usFSFDfJ7BYRRcej\ne4w6RbSDmX3z6A6f4j34wAYCkeKqMCR1sF6bwLZ+s1/umeHmJzwsn5hgPX+G4HzA\ngIbiPxMlSqfD9myWnYmwNVNRWPAvRr4HIrDifPD83D+bkJ3O0KRq1KnlLv6z6coQ\nlnyfrCE+bbHjZwcypuGwViDk4ylCCnwb7lx/3RPCBWJ0MpOax3TiBZdebZ2TmXrA\n+G+NQ0rz2cJ1JZSaDRdHO6huGtFJFMlWRB7zreYEQhfVtIlFAwAPslQzvf0Sn8+c\n3a7zqYWzhjQVHAVWWao+SO+VCjx2vY5yTCBtZAAReu0akeyLfegZ5gV6oqNdPwG4\n9MMOzylKasXEUay2OnBfhblqxISPeKkVUctmjfV57VAARF6bJQR3H1x7Hp7gmgI4\n5xBsbdr96cTvZmQ/4uEfB4GH1z9kVUQtPfD5YczsQf5ZB3wI6szscsPGoFUss8dx\nNBNInj6KsIAK0Lz7VZ5JYenfgkqmESVE0jdxV4GpKG7TTjgqdThEwDaOo7BG1DPb\naTFrktd6ilex4rtr+D8TsTzEyxpwIkSBmtwyz9WLwLFdsoIBpznTtHTbs+SkjD42\nOycAAAc43qnELt6pxC4AAAAHc3NoLXJzYQAAAgEA2ECe1H7/mqOmSQD3W1xQg85a\n5tejX+sWiawIyz4xdrWjboa644BUYD1YwPtiZ3Iwqu/gzjOuXd6SPy2yjmDNRCS2\nusFSFDfJ7BYRRceje4w6RbSDmX3z6A6f4j34wAYCkeKqMCR1sF6bwLZ+s1/umeHm\nJzwsn5hgPX+G4HzAgIbiPxMlSqfD9myWnYmwNVNRWPAvRr4HIrDifPD83D+bkJ3O\n0KRq1KnlLv6z6coQlnyfrCE+bbHjZwcypuGwViDk4ylCCnwb7lx/3RPCBWJ0MpOa\nx3TiBZdebZ2TmXrA+G+NQ0rz2cJ1JZSaDRdHO6huGtFJFMlWRB7zreYEQhfVtIlF\nAwAPslQzvf0Sn8+c3a7zqYWzhjQVHAVWWao+SO+VCjx2vY5yTCBtZAAReu0akeyL\nfegZ5gV6oqNdPwG49MMOzylKasXEUay2OnBfhblqxISPeKkVUctmjfV57VAARF6b\nJQR3H1x7Hp7gmgI45xBsbdr96cTvZmQ/4uEfB4GH1z9kVUQtPfD5YczsQf5ZB3wI\n6szscsPGoFUss8dxNBNInj6KsIAK0Lz7VZ5JYenfgkqmESVE0jdxV4GpKG7TTjgq\ndThEwDaOo7BG1DPbaTFrktd6ilex4rtr+D8TsTzEyxpwIkSBmtwyz9WLwLFdsoIB\npznTtHTbs+SkjD42OycAAAADAQABAAACAQC/9OyH94twex+Z4e+v+0vFFCGAk52E\nASvqXPkZYEWL+EPwUkwGsd0z6ICmHP8GkEg/E9tbbmizDmSHDEtZMvhCKszBDeWL\n6NGmbRg79rBZdOotAcVnNHSTYpftvdDWsv8I/EjRnyuQuQpMkDH7i4ZCtlEUNsft\nitazAEZ7coF2FUUzdA1ALZc3YMB5asUtMJ4e8mUkyH2Q/66r9UafQx8Vyd7ROYFS\n8NRtWM3fEuySiGE76+58dNFEnRELLX7XlS9XrUHgCLbKaPVfCrDJEtHOK1PTBR+0\nkt7RMnTYYix02qBsQVYf0AsoprXwNN+YRzQlPe0/NFEM+uSXUnwpJvscOo1ny4zY\n8uAuWd9YNyPSto5FyYQvc9KHhyf5kxCp4s3QS5CIO2lUtP33iqcO2N79ftnLU4FT\nSor4zeRD90anPrGSZ/iR8w58F8qlbOGLeLFtk7Lm2L4w4JyH182LcWyAyAbIE40w\nxpL0NDVc86kD4jBliCXQ4xQqTEfYV465ZjCUA2vQ5QbZenLNgLn+uj9r92P6mYZo\npvDQDCcO17aoxPS6vv4ZbKu73eO4OcXMgfIH/e3UX6vdconWSOLvKmvrKXVojnze\nL/l0/Sx8Sq+ON5ZUyPwQWkQ7d/L4lrQwNKVShfSkZ1BIp1QDYXzVKthQbfMZPr8t\nbw9kmhEITJfxQQAAAQEA58XlqxZh90btojgWpiLhl6Esi/GDM3FtJg4023lxqumB\nHDcBepb+tyl1rxV3C+nGSKOZwZqeTBkPtUkCBA4jaSN1Ib1uMHnzRwi6+5JbI+SL\nG71YuHYCLuXZbcKyvyBj6+DoDOJt29X71T4arB5cXlbbl8fJeGYYU+D+VCDvagaw\nSBRS3cl3S7u8kGjf1zhzqSf0Hj8hIEQloGzBh2u4XpRicqrs6P7Lg+35kcYgVzGy\nsE5DgLS4/F/LWwE+aRUVpJXVGrekAgCMa0r9rEwDTfGEwhT4j38803guT7EpDUEP\nn91Cgjn4gEzVQKLuQCEqaCWb1l60XwepRDQO30NXfAAAAQEA74K0jluDLg/TFwgc\n4z4Jup27+Iz3bnqv6MFBGVmwct7DMPa2CubadpBpgz2eJ4NFAVn8BtFQ2nzxXt+T\n/5QpkniZLS0DtmKuQw/hwi9GvJtflxhxs3AowpH2ImHFyFT5rphXonZbK6cMEqPY\ntoZeWlnPLyQznRk4jdwNGH3g8Ivx8K7fSmtkfNgtJOAPKEn0juextAhCtq8unE+m\nRsbA6rbZrBYijDgdzSSxughpotNW7MVm4YkGWuDbyKixe/yhrgl0ujArOB2dyyrw\n0gFE5ISWfoxwb9zd54f8Md59m3RLjqXCvoZYLnUrTILTkiKVXXyB/7MTWa9GFwG8\nSRCLtwAAAQEA5yP/fkumfEXC8yW5awlwhFqXTzwCvrrE/wV73XrT4T/PCyT5JEqa\n7AuNTmPRFYzsGP0zfa+842RntlaZpUncq/wLZd2V5tCZPMBvwltDwblNVeFMj5UD\nBMaUX4CXsl9oNFIwQPvzX/o/oZLDj9hYjf2smeYd3WRAH9XRBB7slINqWt0wIC8v\nLiQ3Rb/cCa+bR4kn/6vpgzSvq13NBZDc2ELFDrBmlNOn62DIdne9BTHY+F/VAVzh\nJBzDABDlbsNkdes8RUVztoLQlVrc70LqeLrR27iBQaVGCy17G12Rln/3dyEHKyH1\nm8HNdEWdx99mYEp/dRxyrcnvtgqn57KsEQAAAAAB\n-----END OPENSSH PRIVATE KEY-----\n",
            "private_key_pem": "-----BEGIN RSA PRIVATE KEY-----\nMIIJKQIBAAKCAgEA2ECe1H7/mqOmSQD3W1xQg85a5tejX+sWiawIyz4xdrWjboa6\n44BUYD1YwPtiZ3Iwqu/gzjOuXd6SPy2yjmDNRCS2usFSFDfJ7BYRRceje4w6RbSD\nmX3z6A6f4j34wAYCkeKqMCR1sF6bwLZ+s1/umeHmJzwsn5hgPX+G4HzAgIbiPxMl\nSqfD9myWnYmwNVNRWPAvRr4HIrDifPD83D+bkJ3O0KRq1KnlLv6z6coQlnyfrCE+\nbbHjZwcypuGwViDk4ylCCnwb7lx/3RPCBWJ0MpOax3TiBZdebZ2TmXrA+G+NQ0rz\n2cJ1JZSaDRdHO6huGtFJFMlWRB7zreYEQhfVtIlFAwAPslQzvf0Sn8+c3a7zqYWz\nhjQVHAVWWao+SO+VCjx2vY5yTCBtZAAReu0akeyLfegZ5gV6oqNdPwG49MMOzylK\nasXEUay2OnBfhblqxISPeKkVUctmjfV57VAARF6bJQR3H1x7Hp7gmgI45xBsbdr9\n6cTvZmQ/4uEfB4GH1z9kVUQtPfD5YczsQf5ZB3wI6szscsPGoFUss8dxNBNInj6K\nsIAK0Lz7VZ5JYenfgkqmESVE0jdxV4GpKG7TTjgqdThEwDaOo7BG1DPbaTFrktd6\nilex4rtr+D8TsTzEyxpwIkSBmtwyz9WLwLFdsoIBpznTtHTbs+SkjD42OycCAwEA\nAQKCAgEAv/Tsh/eLcHsfmeHvr/tLxRQhgJOdhAEr6lz5GWBFi/hD8FJMBrHdM+iA\nphz/BpBIPxPbW25osw5khwxLWTL4QirMwQ3li+jRpm0YO/awWXTqLQHFZzR0k2KX\n7b3Q1rL/CPxI0Z8rkLkKTJAx+4uGQrZRFDbH7YrWswBGe3KBdhVFM3QNQC2XN2DA\neWrFLTCeHvJlJMh9kP+uq/VGn0MfFcne0TmBUvDUbVjN3xLskohhO+vufHTRRJ0R\nCy1+15UvV61B4Ai2ymj1XwqwyRLRzitT0wUftJLe0TJ02GIsdNqgbEFWH9ALKKa1\n8DTfmEc0JT3tPzRRDPrkl1J8KSb7HDqNZ8uM2PLgLlnfWDcj0raORcmEL3PSh4cn\n+ZMQqeLN0EuQiDtpVLT994qnDtje/X7Zy1OBU0qK+M3kQ/dGpz6xkmf4kfMOfBfK\npWzhi3ixbZOy5ti+MOCch9fNi3FsgMgGyBONMMaS9DQ1XPOpA+IwZYgl0OMUKkxH\n2FeOuWYwlANr0OUG2XpyzYC5/ro/a/dj+pmGaKbw0AwnDte2qMT0ur7+GWyru93j\nuDnFzIHyB/3t1F+r3XKJ1kji7ypr6yl1aI583i/5dP0sfEqvjjeWVMj8EFpEO3fy\n+Ja0MDSlUoX0pGdQSKdUA2F81SrYUG3zGT6/LW8PZJoRCEyX8UECggEBAO+CtI5b\ngy4P0xcIHOM+Cbqdu/iM9256r+jBQRlZsHLewzD2tgrm2naQaYM9nieDRQFZ/AbR\nUNp88V7fk/+UKZJ4mS0tA7ZirkMP4cIvRrybX5cYcbNwKMKR9iJhxchU+a6YV6J2\nWyunDBKj2LaGXlpZzy8kM50ZOI3cDRh94PCL8fCu30prZHzYLSTgDyhJ9I7nsbQI\nQravLpxPpkbGwOq22awWIow4Hc0ksboIaaLTVuzFZuGJBlrg28iosXv8oa4JdLow\nKzgdncsq8NIBROSEln6McG/c3eeH/DHefZt0S46lwr6GWC51K0yC05IilV18gf+z\nE1mvRhcBvEkQi7cCggEBAOcj/35LpnxFwvMluWsJcIRal088Ar66xP8Fe9160+E/\nzwsk+SRKmuwLjU5j0RWM7Bj9M32vvONkZ7ZWmaVJ3Kv8C2XdlebQmTzAb8JbQ8G5\nTVXhTI+VAwTGlF+Al7JfaDRSMED781/6P6GSw4/YWI39rJnmHd1kQB/V0QQe7JSD\nalrdMCAvLy4kN0W/3Amvm0eJJ/+r6YM0r6tdzQWQ3NhCxQ6wZpTTp+tgyHZ3vQUx\n2Phf1QFc4SQcwwAQ5W7DZHXrPEVFc7aC0JVa3O9C6ni60du4gUGlRgstextdkZZ/\n93chBysh9ZvBzXRFncffZmBKf3Uccq3J77YKp+eyrBECggEAG5AZI0DYydY8Xqwq\nVuRuzjEUzre6SdaIo+qJiVdO/QkxwVLDBGIoxfg8jEPtDXMH3+3xGP/BpEM4q8hj\nCciNODP0vMQvZy/YChOr0WMLau0ehQ7lFtdTeYC+qJpD3pgY28TgYOvp9g4VT5fX\nernf5dnsA+rQncWnQnwObcEev8/7Gc2mGLRfLhbaqyG13NcV89QqGSPSOZ/TZ12r\nLv30eY5tYmZxt11F4LPWWChbr8dOe5UED/Rq7M5vvJndQv2BxbuE2WBtuNl/rT/V\n0vUeboXro8iZr+XlC54UodCO9/LcNyBQVwiy4TXOs9Fic7DTK50GgNyk329SS5eB\niY8D5QKCAQAwlEJIewHcsJTOoakcs/kv+BJBFu3ExGBO8QodfIk3mD+dqgGq/Pse\njTb/uL7i9qFQhzbhPaRHbnzVt9HHCYUVqH2ExVOSFVl/iTpz8NaGyrlUSWvb6Yee\n41Wf1NkNJjwycuutXMbD70acYMo1W1URUrWKCvFP7JgFmNy7LvyuIgiiXEaXHROf\ncQEk6bQHXR8Xo94CQFFtwA8Dx00l1FJ2KWJdOfn1YZ6zO74mF/hkNRvS5+FOzgSL\noHfjdami4/IjTnN2Y6h0PX41RcmVh8zb3vfoZBjWgTP9eWucTsggh3itUwW8rQB/\n4fWacF8++Nb9eerb5ES9/ekhq4+qhMThAoIBAQDnxeWrFmH3Ru2iOBamIuGXoSyL\n8YMzcW0mDjTbeXGq6YEcNwF6lv63KXWvFXcL6cZIo5nBmp5MGQ+1SQIEDiNpI3Uh\nvW4wefNHCLr7klsj5IsbvVi4dgIu5dltwrK/IGPr4OgM4m3b1fvVPhqsHlxeVtuX\nx8l4ZhhT4P5UIO9qBrBIFFLdyXdLu7yQaN/XOHOpJ/QePyEgRCWgbMGHa7helGJy\nquzo/suD7fmRxiBXMbKwTkOAtLj8X8tbAT5pFRWkldUat6QCAIxrSv2sTANN8YTC\nFPiPfzzTeC5PsSkNQQ+f3UKCOfiATNVAou5AISpoJZvWXrRfB6lENA7fQ1d8\n-----END RSA PRIVATE KEY-----\n",
            "private_key_pem_pkcs8": "-----BEGIN PRIVATE KEY-----\nMIIJQwIBADANBgkqhkiG9w0BAQEFAASCCS0wggkpAgEAAoICAQDYQJ7Ufv+ao6ZJ\nAPdbXFCDzlrm16Nf6xaJrAjLPjF2taNuhrrjgFRgPVjA+2JncjCq7+DOM65d3pI/\nLbKOYM1EJLa6wVIUN8nsFhFFx6N7jDpFtIOZffPoDp/iPfjABgKR4qowJHWwXpvA\ntn6zX+6Z4eYnPCyfmGA9f4bgfMCAhuI/EyVKp8P2bJadibA1U1FY8C9GvgcisOJ8\n8PzcP5uQnc7QpGrUqeUu/rPpyhCWfJ+sIT5tseNnBzKm4bBWIOTjKUIKfBvuXH/d\nE8IFYnQyk5rHdOIFl15tnZOZesD4b41DSvPZwnUllJoNF0c7qG4a0UkUyVZEHvOt\n5gRCF9W0iUUDAA+yVDO9/RKfz5zdrvOphbOGNBUcBVZZqj5I75UKPHa9jnJMIG1k\nABF67RqR7It96BnmBXqio10/Abj0ww7PKUpqxcRRrLY6cF+FuWrEhI94qRVRy2aN\n9XntUABEXpslBHcfXHsenuCaAjjnEGxt2v3pxO9mZD/i4R8HgYfXP2RVRC098Plh\nzOxB/lkHfAjqzOxyw8agVSyzx3E0E0iePoqwgArQvPtVnklh6d+CSqYRJUTSN3FX\ngakobtNOOCp1OETANo6jsEbUM9tpMWuS13qKV7Hiu2v4PxOxPMTLGnAiRIGa3DLP\n1YvAsV2yggGnOdO0dNuz5KSMPjY7JwIDAQABAoICAQC/9OyH94twex+Z4e+v+0vF\nFCGAk52EASvqXPkZYEWL+EPwUkwGsd0z6ICmHP8GkEg/E9tbbmizDmSHDEtZMvhC\nKszBDeWL6NGmbRg79rBZdOotAcVnNHSTYpftvdDWsv8I/EjRnyuQuQpMkDH7i4ZC\ntlEUNsftitazAEZ7coF2FUUzdA1ALZc3YMB5asUtMJ4e8mUkyH2Q/66r9UafQx8V\nyd7ROYFS8NRtWM3fEuySiGE76+58dNFEnRELLX7XlS9XrUHgCLbKaPVfCrDJEtHO\nK1PTBR+0kt7RMnTYYix02qBsQVYf0AsoprXwNN+YRzQlPe0/NFEM+uSXUnwpJvsc\nOo1ny4zY8uAuWd9YNyPSto5FyYQvc9KHhyf5kxCp4s3QS5CIO2lUtP33iqcO2N79\nftnLU4FTSor4zeRD90anPrGSZ/iR8w58F8qlbOGLeLFtk7Lm2L4w4JyH182LcWyA\nyAbIE40wxpL0NDVc86kD4jBliCXQ4xQqTEfYV465ZjCUA2vQ5QbZenLNgLn+uj9r\n92P6mYZopvDQDCcO17aoxPS6vv4ZbKu73eO4OcXMgfIH/e3UX6vdconWSOLvKmvr\nKXVojnzeL/l0/Sx8Sq+ON5ZUyPwQWkQ7d/L4lrQwNKVShfSkZ1BIp1QDYXzVKthQ\nbfMZPr8tbw9kmhEITJfxQQKCAQEA74K0jluDLg/TFwgc4z4Jup27+Iz3bnqv6MFB\nGVmwct7DMPa2CubadpBpgz2eJ4NFAVn8BtFQ2nzxXt+T/5QpkniZLS0DtmKuQw/h\nwi9GvJtflxhxs3AowpH2ImHFyFT5rphXonZbK6cMEqPYtoZeWlnPLyQznRk4jdwN\nGH3g8Ivx8K7fSmtkfNgtJOAPKEn0juextAhCtq8unE+mRsbA6rbZrBYijDgdzSSx\nughpotNW7MVm4YkGWuDbyKixe/yhrgl0ujArOB2dyyrw0gFE5ISWfoxwb9zd54f8\nMd59m3RLjqXCvoZYLnUrTILTkiKVXXyB/7MTWa9GFwG8SRCLtwKCAQEA5yP/fkum\nfEXC8yW5awlwhFqXTzwCvrrE/wV73XrT4T/PCyT5JEqa7AuNTmPRFYzsGP0zfa+8\n42RntlaZpUncq/wLZd2V5tCZPMBvwltDwblNVeFMj5UDBMaUX4CXsl9oNFIwQPvz\nX/o/oZLDj9hYjf2smeYd3WRAH9XRBB7slINqWt0wIC8vLiQ3Rb/cCa+bR4kn/6vp\ngzSvq13NBZDc2ELFDrBmlNOn62DIdne9BTHY+F/VAVzhJBzDABDlbsNkdes8RUVz\ntoLQlVrc70LqeLrR27iBQaVGCy17G12Rln/3dyEHKyH1m8HNdEWdx99mYEp/dRxy\nrcnvtgqn57KsEQKCAQAbkBkjQNjJ1jxerCpW5G7OMRTOt7pJ1oij6omJV079CTHB\nUsMEYijF+DyMQ+0Ncwff7fEY/8GkQziryGMJyI04M/S8xC9nL9gKE6vRYwtq7R6F\nDuUW11N5gL6omkPemBjbxOBg6+n2DhVPl9d6ud/l2ewD6tCdxadCfA5twR6/z/sZ\nzaYYtF8uFtqrIbXc1xXz1CoZI9I5n9NnXasu/fR5jm1iZnG3XUXgs9ZYKFuvx057\nlQQP9Grszm+8md1C/YHFu4TZYG242X+tP9XS9R5uheujyJmv5eULnhSh0I738tw3\nIFBXCLLhNc6z0WJzsNMrnQaA3KTfb1JLl4GJjwPlAoIBADCUQkh7AdywlM6hqRyz\n+S/4EkEW7cTEYE7xCh18iTeYP52qAar8+x6NNv+4vuL2oVCHNuE9pEdufNW30ccJ\nhRWofYTFU5IVWX+JOnPw1obKuVRJa9vph57jVZ/U2Q0mPDJy661cxsPvRpxgyjVb\nVRFStYoK8U/smAWY3Lsu/K4iCKJcRpcdE59xASTptAddHxej3gJAUW3ADwPHTSXU\nUnYpYl05+fVhnrM7viYX+GQ1G9Ln4U7OBIugd+N1qaLj8iNOc3ZjqHQ9fjVFyZWH\nzNve9+hkGNaBM/15a5xOyCCHeK1TBbytAH/h9ZpwXz741v156tvkRL396SGrj6qE\nxOECggEBAOfF5asWYfdG7aI4FqYi4ZehLIvxgzNxbSYONNt5carpgRw3AXqW/rcp\nda8VdwvpxkijmcGankwZD7VJAgQOI2kjdSG9bjB580cIuvuSWyPkixu9WLh2Ai7l\n2W3Csr8gY+vg6AzibdvV+9U+GqweXF5W25fHyXhmGFPg/lQg72oGsEgUUt3Jd0u7\nvJBo39c4c6kn9B4/ISBEJaBswYdruF6UYnKq7Oj+y4Pt+ZHGIFcxsrBOQ4C0uPxf\ny1sBPmkVFaSV1Rq3pAIAjGtK/axMA03xhMIU+I9/PNN4Lk+xKQ1BD5/dQoI5+IBM\n1UCi7kAhKmglm9ZetF8HqUQ0Dt9DV3w=\n-----END PRIVATE KEY-----\n",
            "public_key_fingerprint_md5": "3e:90:7b:55:80:bc:81:ce:5b:a0:30:b7:17:bd:1e:c7",
            "public_key_fingerprint_sha256": "SHA256:56qqnEuAk5WXfa1k/St38b5/6or8IQnco1PXJE+ScRI",
            "public_key_openssh": "ssh-rsa AAAAB3NzaC1yc2EAAAADAQABAAACAQDYQJ7Ufv+ao6ZJAPdbXFCDzlrm16Nf6xaJrAjLPjF2taNuhrrjgFRgPVjA+2JncjCq7+DOM65d3pI/LbKOYM1EJLa6wVIUN8nsFhFFx6N7jDpFtIOZffPoDp/iPfjABgKR4qowJHWwXpvAtn6zX+6Z4eYnPCyfmGA9f4bgfMCAhuI/EyVKp8P2bJadibA1U1FY8C9GvgcisOJ88PzcP5uQnc7QpGrUqeUu/rPpyhCWfJ+sIT5tseNnBzKm4bBWIOTjKUIKfBvuXH/dE8IFYnQyk5rHdOIFl15tnZOZesD4b41DSvPZwnUllJoNF0c7qG4a0UkUyVZEHvOt5gRCF9W0iUUDAA+yVDO9/RKfz5zdrvOphbOGNBUcBVZZqj5I75UKPHa9jnJMIG1kABF67RqR7It96BnmBXqio10/Abj0ww7PKUpqxcRRrLY6cF+FuWrEhI94qRVRy2aN9XntUABEXpslBHcfXHsenuCaAjjnEGxt2v3pxO9mZD/i4R8HgYfXP2RVRC098PlhzOxB/lkHfAjqzOxyw8agVSyzx3E0E0iePoqwgArQvPtVnklh6d+CSqYRJUTSN3FXgakobtNOOCp1OETANo6jsEbUM9tpMWuS13qKV7Hiu2v4PxOxPMTLGnAiRIGa3DLP1YvAsV2yggGnOdO0dNuz5KSMPjY7Jw==\n",
            "public_key_pem": "-----BEGIN PUBLIC KEY-----\nMIICIjANBgkqhkiG9w0BAQEFAAOCAg8AMIICCgKCAgEA2ECe1H7/mqOmSQD3W1xQ\ng85a5tejX+sWiawIyz4xdrWjboa644BUYD1YwPtiZ3Iwqu/gzjOuXd6SPy2yjmDN\nRCS2usFSFDfJ7BYRRceje4w6RbSDmX3z6A6f4j34wAYCkeKqMCR1sF6bwLZ+s1/u\nmeHmJzwsn5hgPX+G4HzAgIbiPxMlSqfD9myWnYmwNVNRWPAvRr4HIrDifPD83D+b\nkJ3O0KRq1KnlLv6z6coQlnyfrCE+bbHjZwcypuGwViDk4ylCCnwb7lx/3RPCBWJ0\nMpOax3TiBZdebZ2TmXrA+G+NQ0rz2cJ1JZSaDRdHO6huGtFJFMlWRB7zreYEQhfV\ntIlFAwAPslQzvf0Sn8+c3a7zqYWzhjQVHAVWWao+SO+VCjx2vY5yTCBtZAAReu0a\nkeyLfegZ5gV6oqNdPwG49MMOzylKasXEUay2OnBfhblqxISPeKkVUctmjfV57VAA\nRF6bJQR3H1x7Hp7gmgI45xBsbdr96cTvZmQ/4uEfB4GH1z9kVUQtPfD5YczsQf5Z\nB3wI6szscsPGoFUss8dxNBNInj6KsIAK0Lz7VZ5JYenfgkqmESVE0jdxV4GpKG7T\nTjgqdThEwDaOo7BG1DPbaTFrktd6ilex4rtr+D8TsTzEyxpwIkSBmtwyz9WLwLFd\nsoIBpznTtHTbs+SkjD42OycCAwEAAQ==\n-----END PUBLIC KEY-----\n",
            "rsa_bits": 4096
          },
          "sensitive_attributes": []
        }
      ]
    }
  ],
  "check_results": null
}
