{
  "version": 4,
  "terraform_version": "1.4.4",
  "serial": 210,
  "lineage": "7b3c92d3-67a3-a1bf-211c-5c7609092ddd",
  "outputs": {
    "bastion_connection": {
      "value": "ssh -i tutorial_kp.pem ubuntu@ec2-44-213-6-78.compute-1.amazonaws.com",
      "type": "string"
    },
    "database_endpoint": {
      "value": "terraform-20230524125149616100000002.cfyv1i17oc4t.us-east-1.rds.amazonaws.com",
      "type": "string"
    },
    "database_port": {
      "value": 5432,
      "type": "number"
    },
    "rds_connection": {
      "value": "ssh -i tutorial_kp.pem -f -N -L 5432:terraform-20230524125149616100000002.cfyv1i17oc4t.us-east-1.rds.amazonaws.com:5432 ubuntu@ec2-44-213-6-78.compute-1.amazonaws.com",
      "type": "string"
    },
    "web_public_dns": {
      "value": "ec2-44-213-6-78.compute-1.amazonaws.com",
      "type": "string"
    },
    "web_public_ip": {
      "value": "44.213.6.78",
      "type": "string"
    }
  },
  "resources": [
    {
      "mode": "data",
      "type": "aws_ami",
      "name": "ubuntu",
      "provider": "provider[\"registry.terraform.io/hashicorp/aws\"]",
      "instances": [
        {
          "schema_version": 0,
          "attributes": {
            "architecture": "x86_64",
            "arn": "arn:aws:ec2:us-east-1::image/ami-0261755bbcb8c4a84",
            "block_device_mappings": [
              {
                "device_name": "/dev/sda1",
                "ebs": {
                  "delete_on_termination": "true",
                  "encrypted": "false",
                  "iops": "0",
                  "snapshot_id": "snap-0c1c59fc815a3c257",
                  "throughput": "0",
                  "volume_size": "8",
                  "volume_type": "gp2"
                },
                "no_device": "",
                "virtual_name": ""
              },
              {
                "device_name": "/dev/sdb",
                "ebs": {},
                "no_device": "",
                "virtual_name": "ephemeral0"
              },
              {
                "device_name": "/dev/sdc",
                "ebs": {},
                "no_device": "",
                "virtual_name": "ephemeral1"
              }
            ],
            "boot_mode": "legacy-bios",
            "creation_date": "2023-05-17T23:59:47.000Z",
            "deprecation_time": "2025-05-17T23:59:47.000Z",
            "description": "Canonical, Ubuntu, 20.04 LTS, amd64 focal image build on 2023-05-17",
            "ena_support": true,
            "executable_users": null,
            "filter": [
              {
                "name": "name",
                "values": [
                  "ubuntu/images/hvm-ssd/ubuntu-focal-20.04-amd64-server-*"
                ]
              },
              {
                "name": "virtualization-type",
                "values": [
                  "hvm"
                ]
              }
            ],
            "hypervisor": "xen",
            "id": "ami-0261755bbcb8c4a84",
            "image_id": "ami-0261755bbcb8c4a84",
            "image_location": "amazon/ubuntu/images/hvm-ssd/ubuntu-focal-20.04-amd64-server-20230517",
            "image_owner_alias": "amazon",
            "image_type": "machine",
            "imds_support": "",
            "include_deprecated": false,
            "kernel_id": "",
            "most_recent": true,
            "name": "ubuntu/images/hvm-ssd/ubuntu-focal-20.04-amd64-server-20230517",
            "name_regex": null,
            "owner_id": "099720109477",
            "owners": [
              "099720109477"
            ],
            "platform": "",
            "platform_details": "Linux/UNIX",
            "product_codes": [],
            "public": true,
            "ramdisk_id": "",
            "root_device_name": "/dev/sda1",
            "root_device_type": "ebs",
            "root_snapshot_id": "snap-0c1c59fc815a3c257",
            "sriov_net_support": "simple",
            "state": "available",
            "state_reason": {
              "code": "UNSET",
              "message": "UNSET"
            },
            "tags": {},
            "timeouts": null,
            "tpm_support": "",
            "usage_operation": "RunInstances",
            "virtualization_type": "hvm"
          },
          "sensitive_attributes": []
        }
      ]
    },
    {
      "mode": "data",
      "type": "aws_availability_zones",
      "name": "available",
      "provider": "provider[\"registry.terraform.io/hashicorp/aws\"]",
      "instances": [
        {
          "schema_version": 0,
          "attributes": {
            "all_availability_zones": null,
            "exclude_names": null,
            "exclude_zone_ids": null,
            "filter": null,
            "group_names": [
              "us-east-1"
            ],
            "id": "us-east-1",
            "names": [
              "us-east-1a",
              "us-east-1b",
              "us-east-1c",
              "us-east-1d",
              "us-east-1e",
              "us-east-1f"
            ],
            "state": "available",
            "timeouts": null,
            "zone_ids": [
              "use1-az4",
              "use1-az6",
              "use1-az1",
              "use1-az2",
              "use1-az3",
              "use1-az5"
            ]
          },
          "sensitive_attributes": []
        }
      ]
    },
    {
      "mode": "managed",
      "type": "aws_db_instance",
      "name": "tutorial_database",
      "provider": "provider[\"registry.terraform.io/hashicorp/aws\"]",
      "instances": [
        {
          "schema_version": 1,
          "attributes": {
            "address": "terraform-20230524125149616100000002.cfyv1i17oc4t.us-east-1.rds.amazonaws.com",
            "allocated_storage": 10,
            "allow_major_version_upgrade": null,
            "apply_immediately": false,
            "arn": "arn:aws:rds:us-east-1:088492177964:db:terraform-20230524125149616100000002",
            "auto_minor_version_upgrade": true,
            "availability_zone": "us-east-1a",
            "backup_retention_period": 0,
            "backup_window": "09:30-10:00",
            "blue_green_update": [],
            "ca_cert_identifier": "rds-ca-2019",
            "character_set_name": "",
            "copy_tags_to_snapshot": false,
            "custom_iam_instance_profile": "",
            "customer_owned_ip_enabled": false,
            "db_name": "tutorial",
            "db_subnet_group_name": "tutorial_db_subnet_group",
            "delete_automated_backups": true,
            "deletion_protection": false,
            "domain": "",
            "domain_iam_role_name": "",
            "enabled_cloudwatch_logs_exports": [],
            "endpoint": "terraform-20230524125149616100000002.cfyv1i17oc4t.us-east-1.rds.amazonaws.com:5432",
            "engine": "postgres",
            "engine_version": "15",
            "engine_version_actual": "15.2",
            "final_snapshot_identifier": null,
            "hosted_zone_id": "Z2R2ITUGPM61AM",
            "iam_database_authentication_enabled": false,
            "id": "terraform-20230524125149616100000002",
            "identifier": "terraform-20230524125149616100000002",
            "identifier_prefix": "terraform-",
            "instance_class": "db.t3.micro",
            "iops": 0,
            "kms_key_id": "",
            "latest_restorable_time": "",
            "license_model": "postgresql-license",
            "listener_endpoint": [],
            "maintenance_window": "wed:04:40-wed:05:10",
            "manage_master_user_password": null,
            "master_user_secret": [],
            "master_user_secret_kms_key_id": null,
            "max_allocated_storage": 0,
            "monitoring_interval": 0,
            "monitoring_role_arn": "",
            "multi_az": false,
            "name": "tutorial",
            "nchar_character_set_name": "",
            "network_type": "IPV4",
            "option_group_name": "default:postgres-15",
            "parameter_group_name": "default.postgres15",
            "password": "*Icangetit1",
            "performance_insights_enabled": false,
            "performance_insights_kms_key_id": "",
            "performance_insights_retention_period": 0,
            "port": 5432,
            "publicly_accessible": false,
            "replica_mode": "",
            "replicas": [],
            "replicate_source_db": "",
            "resource_id": "db-GREC2XIELPYRWCB4TYBSHFKST4",
            "restore_to_point_in_time": [],
            "s3_import": [],
            "security_group_names": [],
            "skip_final_snapshot": true,
            "snapshot_identifier": null,
            "status": "available",
            "storage_encrypted": false,
            "storage_throughput": 0,
            "storage_type": "gp2",
            "tags": {},
            "tags_all": {},
            "timeouts": null,
            "timezone": "",
            "username": "master_admin",
            "vpc_security_group_ids": [
              "sg-0b2999b3379a34e6f"
            ]
          },
          "sensitive_attributes": [
            [
              {
                "type": "get_attr",
                "value": "username"
              }
            ],
            [
              {
                "type": "get_attr",
                "value": "password"
              }
            ]
          ],
          "private": "eyJlMmJmYjczMC1lY2FhLTExZTYtOGY4OC0zNDM2M2JjN2M0YzAiOnsiY3JlYXRlIjoyNDAwMDAwMDAwMDAwLCJkZWxldGUiOjM2MDAwMDAwMDAwMDAsInVwZGF0ZSI6NDgwMDAwMDAwMDAwMH0sInNjaGVtYV92ZXJzaW9uIjoiMSJ9",
          "dependencies": [
            "aws_db_subnet_group.tutorial_db_subnet_group",
            "aws_security_group.tutorial_db_sg",
            "aws_security_group.tutorial_web_sg",
            "aws_subnet.tutorial_private_subnet",
            "aws_vpc.tutorial_vpc",
            "data.aws_availability_zones.available"
          ]
        }
      ]
    },
    {
      "mode": "managed",
      "type": "aws_db_subnet_group",
      "name": "tutorial_db_subnet_group",
      "provider": "provider[\"registry.terraform.io/hashicorp/aws\"]",
      "instances": [
        {
          "schema_version": 0,
          "attributes": {
            "arn": "arn:aws:rds:us-east-1:088492177964:subgrp:tutorial_db_subnet_group",
            "description": "DB subnet group for tutorial",
            "id": "tutorial_db_subnet_group",
            "name": "tutorial_db_subnet_group",
            "name_prefix": "",
            "subnet_ids": [
              "subnet-081eea320d0af718b",
              "subnet-0a4f637c053378286"
            ],
            "supported_network_types": [
              "IPV4"
            ],
            "tags": {},
            "tags_all": {},
            "vpc_id": "vpc-01cc7faaf22b92a97"
          },
          "sensitive_attributes": [],
          "private": "bnVsbA==",
          "dependencies": [
            "aws_subnet.tutorial_private_subnet",
            "aws_vpc.tutorial_vpc",
            "data.aws_availability_zones.available"
          ]
        }
      ]
    },
    {
      "mode": "managed",
      "type": "aws_eip",
      "name": "tutorial_web_eip",
      "provider": "provider[\"registry.terraform.io/hashicorp/aws\"]",
      "instances": [
        {
          "index_key": 0,
          "schema_version": 0,
          "attributes": {
            "address": null,
            "allocation_id": "eipalloc-0aa3322fe7e1d05ec",
            "associate_with_private_ip": null,
            "association_id": "eipassoc-0ac4b1cb268ddd744",
            "carrier_ip": "",
            "customer_owned_ip": "",
            "customer_owned_ipv4_pool": "",
            "domain": "vpc",
            "id": "eipalloc-0aa3322fe7e1d05ec",
            "instance": "i-0a2fddd2dbc811905",
            "network_border_group": "us-east-1",
            "network_interface": "eni-0a19e4bcad9de3554",
            "private_dns": "ip-10-0-1-193.ec2.internal",
            "private_ip": "10.0.1.193",
            "public_dns": "ec2-44-213-6-78.compute-1.amazonaws.com",
            "public_ip": "44.213.6.78",
            "public_ipv4_pool": "amazon",
            "tags": {
              "Name": "tutorial_web_eip_0"
            },
            "tags_all": {
              "Name": "tutorial_web_eip_0"
            },
            "timeouts": null,
            "vpc": true
          },
          "sensitive_attributes": [],
          "private": "eyJlMmJmYjczMC1lY2FhLTExZTYtOGY4OC0zNDM2M2JjN2M0YzAiOnsiZGVsZXRlIjoxODAwMDAwMDAwMDAsInJlYWQiOjkwMDAwMDAwMDAwMCwidXBkYXRlIjozMDAwMDAwMDAwMDB9fQ==",
          "dependencies": [
            "aws_instance.tutorial_web",
            "aws_key_pair.tutorial_kp",
            "aws_security_group.tutorial_web_sg",
            "aws_subnet.tutorial_public_subnet",
            "aws_vpc.tutorial_vpc",
            "data.aws_ami.ubuntu",
            "data.aws_availability_zones.available",
            "tls_private_key.tutorial_key"
          ]
        }
      ]
    },
    {
      "mode": "managed",
      "type": "aws_instance",
      "name": "tutorial_web",
      "provider": "provider[\"registry.terraform.io/hashicorp/aws\"]",
      "instances": [
        {
          "index_key": 0,
          "schema_version": 1,
          "attributes": {
            "ami": "ami-0261755bbcb8c4a84",
            "arn": "arn:aws:ec2:us-east-1:088492177964:instance/i-0a2fddd2dbc811905",
            "associate_public_ip_address": true,
            "availability_zone": "us-east-1a",
            "capacity_reservation_specification": [
              {
                "capacity_reservation_preference": "open",
                "capacity_reservation_target": []
              }
            ],
            "cpu_core_count": 1,
            "cpu_options": [
              {
                "amd_sev_snp": "",
                "core_count": 1,
                "threads_per_core": 1
              }
            ],
            "cpu_threads_per_core": 1,
            "credit_specification": [
              {
                "cpu_credits": "standard"
              }
            ],
            "disable_api_stop": false,
            "disable_api_termination": false,
            "ebs_block_device": [],
            "ebs_optimized": false,
            "enclave_options": [
              {
                "enabled": false
              }
            ],
            "ephemeral_block_device": [],
            "get_password_data": false,
            "hibernation": false,
            "host_id": "",
            "host_resource_group_arn": null,
            "iam_instance_profile": "",
            "id": "i-0a2fddd2dbc811905",
            "instance_initiated_shutdown_behavior": "stop",
            "instance_state": "running",
            "instance_type": "t2.micro",
            "ipv6_address_count": 0,
            "ipv6_addresses": [],
            "key_name": "tutorial_kp",
            "launch_template": [],
            "maintenance_options": [
              {
                "auto_recovery": "default"
              }
            ],
            "metadata_options": [
              {
                "http_endpoint": "enabled",
                "http_put_response_hop_limit": 1,
                "http_tokens": "optional",
                "instance_metadata_tags": "disabled"
              }
            ],
            "monitoring": false,
            "network_interface": [],
            "outpost_arn": "",
            "password_data": "",
            "placement_group": "",
            "placement_partition_number": 0,
            "primary_network_interface_id": "eni-0a19e4bcad9de3554",
            "private_dns": "ip-10-0-1-193.ec2.internal",
            "private_dns_name_options": [
              {
                "enable_resource_name_dns_a_record": false,
                "enable_resource_name_dns_aaaa_record": false,
                "hostname_type": "ip-name"
              }
            ],
            "private_ip": "10.0.1.193",
            "public_dns": "ec2-44-213-6-78.compute-1.amazonaws.com",
            "public_ip": "44.213.6.78",
            "root_block_device": [
              {
                "delete_on_termination": true,
                "device_name": "/dev/sda1",
                "encrypted": false,
                "iops": 100,
                "kms_key_id": "",
                "tags": {},
                "throughput": 0,
                "volume_id": "vol-057b07010e4e91eb5",
                "volume_size": 8,
                "volume_type": "gp2"
              }
            ],
            "secondary_private_ips": [],
            "security_groups": [],
            "source_dest_check": true,
            "subnet_id": "subnet-0b906e8b7fc69a3ef",
            "tags": {
              "Name": "tutorial_web_0"
            },
            "tags_all": {
              "Name": "tutorial_web_0"
            },
            "tenancy": "default",
            "timeouts": null,
            "user_data": null,
            "user_data_base64": null,
            "user_data_replace_on_change": false,
            "volume_tags": null,
            "vpc_security_group_ids": [
              "sg-057fdc9cf7a38e2cd"
            ]
          },
          "sensitive_attributes": [],
          "private": "eyJlMmJmYjczMC1lY2FhLTExZTYtOGY4OC0zNDM2M2JjN2M0YzAiOnsiY3JlYXRlIjo2MDAwMDAwMDAwMDAsImRlbGV0ZSI6MTIwMDAwMDAwMDAwMCwidXBkYXRlIjo2MDAwMDAwMDAwMDB9LCJzY2hlbWFfdmVyc2lvbiI6IjEifQ==",
          "dependencies": [
            "aws_key_pair.tutorial_kp",
            "aws_security_group.tutorial_web_sg",
            "aws_subnet.tutorial_public_subnet",
            "aws_vpc.tutorial_vpc",
            "data.aws_ami.ubuntu",
            "data.aws_availability_zones.available",
            "tls_private_key.tutorial_key"
          ]
        }
      ]
    },
    {
      "mode": "managed",
      "type": "aws_internet_gateway",
      "name": "tutorial_igw",
      "provider": "provider[\"registry.terraform.io/hashicorp/aws\"]",
      "instances": [
        {
          "schema_version": 0,
          "attributes": {
            "arn": "arn:aws:ec2:us-east-1:088492177964:internet-gateway/igw-0d54ba23b1902396c",
            "id": "igw-0d54ba23b1902396c",
            "owner_id": "088492177964",
            "tags": {
              "Name": "tutorial_igw"
            },
            "tags_all": {
              "Name": "tutorial_igw"
            },
            "timeouts": null,
            "vpc_id": "vpc-01cc7faaf22b92a97"
          },
          "sensitive_attributes": [],
          "private": "eyJlMmJmYjczMC1lY2FhLTExZTYtOGY4OC0zNDM2M2JjN2M0YzAiOnsiY3JlYXRlIjoxMjAwMDAwMDAwMDAwLCJkZWxldGUiOjEyMDAwMDAwMDAwMDAsInVwZGF0ZSI6MTIwMDAwMDAwMDAwMH19",
          "dependencies": [
            "aws_vpc.tutorial_vpc"
          ]
        }
      ]
    },
    {
      "mode": "managed",
      "type": "aws_key_pair",
      "name": "tutorial_kp",
      "provider": "provider[\"registry.terraform.io/hashicorp/aws\"]",
      "instances": [
        {
          "schema_version": 1,
          "attributes": {
            "arn": "arn:aws:ec2:us-east-1:088492177964:key-pair/tutorial_kp",
            "fingerprint": "64:53:7e:cb:c4:6d:82:dc:b4:7a:48:d0:f4:14:31:50",
            "id": "tutorial_kp",
            "key_name": "tutorial_kp",
            "key_name_prefix": "",
            "key_pair_id": "key-0d0419c90cc5c6acc",
            "key_type": "rsa",
            "public_key": "ssh-rsa AAAAB3NzaC1yc2EAAAADAQABAAACAQCotL+hDSr6U2InWUnxhaIOM5Qyinr2CDEp0HNq3n1wRsJli75Ne3Tt8qs5YXe/46x1qI0uRdcowV28sGaiYYdeeIESNuLmENG68mEfZ9rk2LarPAq1eCo4F4hVilz9S8LVDXIng/5HvyFqUtgKvRHqBippT0Dk1420pK/Uwz9x1NHy67/SDgrk+IQ6ajGxAUeOwtcjRgUVLN42iE5emwKdBWc27h7c7RY92Q6bcMaX4wFKPqIQQ0K26ZK/mbwWfc5X/NnPzEppiXUqVoZ9Va/4ZBAHiMi6COeowOt/IJ3OTuBXnnoVTv/5CZ7nnlyXdCO60/BIuuksLxsX+On07j9lBaGPKrWMZdnasvWPU9mMdlMr2OAUow2elqHR/8Wc6xoy/zlE5RJ+uJ/KYph0xlBOXp2QORbPdZb4ndTSymQyIknF+nCQPchXOkeWdK4qe1hd8gnGk0CBq3ZsivNHjt/3/YiIHnqCUrcv4iqmO3olSWk0Kwoe5l0kOk0k5JahZXKXySc3e0n0oiFTZrXekCfQaBgyT0SoAQgfHwLRtSmHHAsCTL82vtdH0QHSnBaPkl1XvNt+coVltHY5/ztlxgk1FOc1RyXGdQPrfFfXFzuerXqlaXfwKrvPje3aoPfnnMFW21KOnd5Itj0IfLYiJQ4+ObH/Rg8+UsG82RQaaLYZ+Q==",
            "tags": {},
            "tags_all": {}
          },
          "sensitive_attributes": [],
          "private": "eyJzY2hlbWFfdmVyc2lvbiI6IjEifQ==",
          "dependencies": [
            "tls_private_key.tutorial_key"
          ]
        }
      ]
    },
    {
      "mode": "managed",
      "type": "aws_route_table",
      "name": "tutorial_private_rt",
      "provider": "provider[\"registry.terraform.io/hashicorp/aws\"]",
      "instances": [
        {
          "schema_version": 0,
          "attributes": {
            "arn": "arn:aws:ec2:us-east-1:088492177964:route-table/rtb-0cc0e60715bbcb3a7",
            "id": "rtb-0cc0e60715bbcb3a7",
            "owner_id": "088492177964",
            "propagating_vgws": [],
            "route": [],
            "tags": {},
            "tags_all": {},
            "timeouts": null,
            "vpc_id": "vpc-01cc7faaf22b92a97"
          },
          "sensitive_attributes": [],
          "private": "eyJlMmJmYjczMC1lY2FhLTExZTYtOGY4OC0zNDM2M2JjN2M0YzAiOnsiY3JlYXRlIjozMDAwMDAwMDAwMDAsImRlbGV0ZSI6MzAwMDAwMDAwMDAwLCJ1cGRhdGUiOjEyMDAwMDAwMDAwMH19",
          "dependencies": [
            "aws_vpc.tutorial_vpc"
          ]
        }
      ]
    },
    {
      "mode": "managed",
      "type": "aws_route_table",
      "name": "tutorial_public_rt",
      "provider": "provider[\"registry.terraform.io/hashicorp/aws\"]",
      "instances": [
        {
          "schema_version": 0,
          "attributes": {
            "arn": "arn:aws:ec2:us-east-1:088492177964:route-table/rtb-0d07c40271aaf8bba",
            "id": "rtb-0d07c40271aaf8bba",
            "owner_id": "088492177964",
            "propagating_vgws": [],
            "route": [
              {
                "carrier_gateway_id": "",
                "cidr_block": "0.0.0.0/0",
                "core_network_arn": "",
                "destination_prefix_list_id": "",
                "egress_only_gateway_id": "",
                "gateway_id": "igw-0d54ba23b1902396c",
                "instance_id": "",
                "ipv6_cidr_block": "",
                "local_gateway_id": "",
                "nat_gateway_id": "",
                "network_interface_id": "",
                "transit_gateway_id": "",
                "vpc_endpoint_id": "",
                "vpc_peering_connection_id": ""
              }
            ],
            "tags": {},
            "tags_all": {},
            "timeouts": null,
            "vpc_id": "vpc-01cc7faaf22b92a97"
          },
          "sensitive_attributes": [],
          "private": "eyJlMmJmYjczMC1lY2FhLTExZTYtOGY4OC0zNDM2M2JjN2M0YzAiOnsiY3JlYXRlIjozMDAwMDAwMDAwMDAsImRlbGV0ZSI6MzAwMDAwMDAwMDAwLCJ1cGRhdGUiOjEyMDAwMDAwMDAwMH19",
          "dependencies": [
            "aws_internet_gateway.tutorial_igw",
            "aws_vpc.tutorial_vpc"
          ]
        }
      ]
    },
    {
      "mode": "managed",
      "type": "aws_route_table_association",
      "name": "private",
      "provider": "provider[\"registry.terraform.io/hashicorp/aws\"]",
      "instances": [
        {
          "index_key": 0,
          "schema_version": 0,
          "attributes": {
            "gateway_id": "",
            "id": "rtbassoc-012363938de4eef23",
            "route_table_id": "rtb-0cc0e60715bbcb3a7",
            "subnet_id": "subnet-081eea320d0af718b",
            "timeouts": null
          },
          "sensitive_attributes": [],
          "private": "eyJlMmJmYjczMC1lY2FhLTExZTYtOGY4OC0zNDM2M2JjN2M0YzAiOnsiY3JlYXRlIjozMDAwMDAwMDAwMDAsImRlbGV0ZSI6MzAwMDAwMDAwMDAwLCJ1cGRhdGUiOjEyMDAwMDAwMDAwMH19",
          "dependencies": [
            "aws_route_table.tutorial_private_rt",
            "aws_subnet.tutorial_private_subnet",
            "aws_vpc.tutorial_vpc",
            "data.aws_availability_zones.available"
          ]
        },
        {
          "index_key": 1,
          "schema_version": 0,
          "attributes": {
            "gateway_id": "",
            "id": "rtbassoc-0c619502a0d852587",
            "route_table_id": "rtb-0cc0e60715bbcb3a7",
            "subnet_id": "subnet-0a4f637c053378286",
            "timeouts": null
          },
          "sensitive_attributes": [],
          "private": "eyJlMmJmYjczMC1lY2FhLTExZTYtOGY4OC0zNDM2M2JjN2M0YzAiOnsiY3JlYXRlIjozMDAwMDAwMDAwMDAsImRlbGV0ZSI6MzAwMDAwMDAwMDAwLCJ1cGRhdGUiOjEyMDAwMDAwMDAwMH19",
          "dependencies": [
            "aws_route_table.tutorial_private_rt",
            "aws_subnet.tutorial_private_subnet",
            "aws_vpc.tutorial_vpc",
            "data.aws_availability_zones.available"
          ]
        }
      ]
    },
    {
      "mode": "managed",
      "type": "aws_route_table_association",
      "name": "public",
      "provider": "provider[\"registry.terraform.io/hashicorp/aws\"]",
      "instances": [
        {
          "index_key": 0,
          "schema_version": 0,
          "attributes": {
            "gateway_id": "",
            "id": "rtbassoc-0c95a74a88f012ef8",
            "route_table_id": "rtb-0d07c40271aaf8bba",
            "subnet_id": "subnet-0b906e8b7fc69a3ef",
            "timeouts": null
          },
          "sensitive_attributes": [],
          "private": "eyJlMmJmYjczMC1lY2FhLTExZTYtOGY4OC0zNDM2M2JjN2M0YzAiOnsiY3JlYXRlIjozMDAwMDAwMDAwMDAsImRlbGV0ZSI6MzAwMDAwMDAwMDAwLCJ1cGRhdGUiOjEyMDAwMDAwMDAwMH19",
          "dependencies": [
            "aws_internet_gateway.tutorial_igw",
            "aws_route_table.tutorial_public_rt",
            "aws_subnet.tutorial_public_subnet",
            "aws_vpc.tutorial_vpc",
            "data.aws_availability_zones.available"
          ]
        }
      ]
    },
    {
      "mode": "managed",
      "type": "aws_security_group",
      "name": "tutorial_db_sg",
      "provider": "provider[\"registry.terraform.io/hashicorp/aws\"]",
      "instances": [
        {
          "schema_version": 1,
          "attributes": {
            "arn": "arn:aws:ec2:us-east-1:088492177964:security-group/sg-0b2999b3379a34e6f",
            "description": "Security group for tutorial databases",
            "egress": [],
            "id": "sg-0b2999b3379a34e6f",
            "ingress": [
              {
                "cidr_blocks": [],
                "description": "Allow MySQL traffic from only the web sg",
                "from_port": 5432,
                "ipv6_cidr_blocks": [],
                "prefix_list_ids": [],
                "protocol": "tcp",
                "security_groups": [
                  "sg-057fdc9cf7a38e2cd"
                ],
                "self": false,
                "to_port": 5432
              }
            ],
            "name": "tutorial_db_sg",
            "name_prefix": "",
            "owner_id": "088492177964",
            "revoke_rules_on_delete": false,
            "tags": {
              "Name": "tutorial_db_sg"
            },
            "tags_all": {
              "Name": "tutorial_db_sg"
            },
            "timeouts": null,
            "vpc_id": "vpc-01cc7faaf22b92a97"
          },
          "sensitive_attributes": [],
          "private": "eyJlMmJmYjczMC1lY2FhLTExZTYtOGY4OC0zNDM2M2JjN2M0YzAiOnsiY3JlYXRlIjo2MDAwMDAwMDAwMDAsImRlbGV0ZSI6OTAwMDAwMDAwMDAwfSwic2NoZW1hX3ZlcnNpb24iOiIxIn0=",
          "dependencies": [
            "aws_security_group.tutorial_web_sg",
            "aws_vpc.tutorial_vpc"
          ]
        }
      ]
    },
    {
      "mode": "managed",
      "type": "aws_security_group",
      "name": "tutorial_web_sg",
      "provider": "provider[\"registry.terraform.io/hashicorp/aws\"]",
      "instances": [
        {
          "schema_version": 1,
          "attributes": {
            "arn": "arn:aws:ec2:us-east-1:088492177964:security-group/sg-057fdc9cf7a38e2cd",
            "description": "Security group for tutorial web servers",
            "egress": [
              {
                "cidr_blocks": [
                  "0.0.0.0/0"
                ],
                "description": "Allow all outbound traffic",
                "from_port": 0,
                "ipv6_cidr_blocks": [],
                "prefix_list_ids": [],
                "protocol": "-1",
                "security_groups": [],
                "self": false,
                "to_port": 0
              }
            ],
            "id": "sg-057fdc9cf7a38e2cd",
            "ingress": [
              {
                "cidr_blocks": [
                  "0.0.0.0/0"
                ],
                "description": "Allow all traffic through HTTP",
                "from_port": 80,
                "ipv6_cidr_blocks": [],
                "prefix_list_ids": [],
                "protocol": "tcp",
                "security_groups": [],
                "self": false,
                "to_port": 80
              },
              {
                "cidr_blocks": [
                  "187.19.177.193/32"
                ],
                "description": "Allow SSH from my computer",
                "from_port": 22,
                "ipv6_cidr_blocks": [],
                "prefix_list_ids": [],
                "protocol": "tcp",
                "security_groups": [],
                "self": false,
                "to_port": 22
              }
            ],
            "name": "tutorial_web_sg",
            "name_prefix": "",
            "owner_id": "088492177964",
            "revoke_rules_on_delete": false,
            "tags": {
              "Name": "tutorial_web_sg"
            },
            "tags_all": {
              "Name": "tutorial_web_sg"
            },
            "timeouts": null,
            "vpc_id": "vpc-01cc7faaf22b92a97"
          },
          "sensitive_attributes": [
            [
              {
                "type": "get_attr",
                "value": "ingress"
              }
            ]
          ],
          "private": "eyJlMmJmYjczMC1lY2FhLTExZTYtOGY4OC0zNDM2M2JjN2M0YzAiOnsiY3JlYXRlIjo2MDAwMDAwMDAwMDAsImRlbGV0ZSI6OTAwMDAwMDAwMDAwfSwic2NoZW1hX3ZlcnNpb24iOiIxIn0=",
          "dependencies": [
            "aws_vpc.tutorial_vpc"
          ]
        }
      ]
    },
    {
      "mode": "managed",
      "type": "aws_subnet",
      "name": "tutorial_private_subnet",
      "provider": "provider[\"registry.terraform.io/hashicorp/aws\"]",
      "instances": [
        {
          "index_key": 0,
          "schema_version": 1,
          "attributes": {
            "arn": "arn:aws:ec2:us-east-1:088492177964:subnet/subnet-081eea320d0af718b",
            "assign_ipv6_address_on_creation": false,
            "availability_zone": "us-east-1a",
            "availability_zone_id": "use1-az4",
            "cidr_block": "10.0.101.0/24",
            "customer_owned_ipv4_pool": "",
            "enable_dns64": false,
            "enable_lni_at_device_index": 0,
            "enable_resource_name_dns_a_record_on_launch": false,
            "enable_resource_name_dns_aaaa_record_on_launch": false,
            "id": "subnet-081eea320d0af718b",
            "ipv6_cidr_block": "",
            "ipv6_cidr_block_association_id": "",
            "ipv6_native": false,
            "map_customer_owned_ip_on_launch": false,
            "map_public_ip_on_launch": false,
            "outpost_arn": "",
            "owner_id": "088492177964",
            "private_dns_hostname_type_on_launch": "ip-name",
            "tags": {
              "Name": "tutorial_private_subnet_0"
            },
            "tags_all": {
              "Name": "tutorial_private_subnet_0"
            },
            "timeouts": null,
            "vpc_id": "vpc-01cc7faaf22b92a97"
          },
          "sensitive_attributes": [],
          "private": "eyJlMmJmYjczMC1lY2FhLTExZTYtOGY4OC0zNDM2M2JjN2M0YzAiOnsiY3JlYXRlIjo2MDAwMDAwMDAwMDAsImRlbGV0ZSI6MTIwMDAwMDAwMDAwMH0sInNjaGVtYV92ZXJzaW9uIjoiMSJ9",
          "dependencies": [
            "aws_vpc.tutorial_vpc",
            "data.aws_availability_zones.available"
          ]
        },
        {
          "index_key": 1,
          "schema_version": 1,
          "attributes": {
            "arn": "arn:aws:ec2:us-east-1:088492177964:subnet/subnet-0a4f637c053378286",
            "assign_ipv6_address_on_creation": false,
            "availability_zone": "us-east-1b",
            "availability_zone_id": "use1-az6",
            "cidr_block": "10.0.102.0/24",
            "customer_owned_ipv4_pool": "",
            "enable_dns64": false,
            "enable_lni_at_device_index": 0,
            "enable_resource_name_dns_a_record_on_launch": false,
            "enable_resource_name_dns_aaaa_record_on_launch": false,
            "id": "subnet-0a4f637c053378286",
            "ipv6_cidr_block": "",
            "ipv6_cidr_block_association_id": "",
            "ipv6_native": false,
            "map_customer_owned_ip_on_launch": false,
            "map_public_ip_on_launch": false,
            "outpost_arn": "",
            "owner_id": "088492177964",
            "private_dns_hostname_type_on_launch": "ip-name",
            "tags": {
              "Name": "tutorial_private_subnet_1"
            },
            "tags_all": {
              "Name": "tutorial_private_subnet_1"
            },
            "timeouts": null,
            "vpc_id": "vpc-01cc7faaf22b92a97"
          },
          "sensitive_attributes": [],
          "private": "eyJlMmJmYjczMC1lY2FhLTExZTYtOGY4OC0zNDM2M2JjN2M0YzAiOnsiY3JlYXRlIjo2MDAwMDAwMDAwMDAsImRlbGV0ZSI6MTIwMDAwMDAwMDAwMH0sInNjaGVtYV92ZXJzaW9uIjoiMSJ9",
          "dependencies": [
            "aws_vpc.tutorial_vpc",
            "data.aws_availability_zones.available"
          ]
        }
      ]
    },
    {
      "mode": "managed",
      "type": "aws_subnet",
      "name": "tutorial_public_subnet",
      "provider": "provider[\"registry.terraform.io/hashicorp/aws\"]",
      "instances": [
        {
          "index_key": 0,
          "schema_version": 1,
          "attributes": {
            "arn": "arn:aws:ec2:us-east-1:088492177964:subnet/subnet-0b906e8b7fc69a3ef",
            "assign_ipv6_address_on_creation": false,
            "availability_zone": "us-east-1a",
            "availability_zone_id": "use1-az4",
            "cidr_block": "10.0.1.0/24",
            "customer_owned_ipv4_pool": "",
            "enable_dns64": false,
            "enable_lni_at_device_index": 0,
            "enable_resource_name_dns_a_record_on_launch": false,
            "enable_resource_name_dns_aaaa_record_on_launch": false,
            "id": "subnet-0b906e8b7fc69a3ef",
            "ipv6_cidr_block": "",
            "ipv6_cidr_block_association_id": "",
            "ipv6_native": false,
            "map_customer_owned_ip_on_launch": false,
            "map_public_ip_on_launch": false,
            "outpost_arn": "",
            "owner_id": "088492177964",
            "private_dns_hostname_type_on_launch": "ip-name",
            "tags": {
              "Name": "tutorial_public_subnet_0"
            },
            "tags_all": {
              "Name": "tutorial_public_subnet_0"
            },
            "timeouts": null,
            "vpc_id": "vpc-01cc7faaf22b92a97"
          },
          "sensitive_attributes": [],
          "private": "eyJlMmJmYjczMC1lY2FhLTExZTYtOGY4OC0zNDM2M2JjN2M0YzAiOnsiY3JlYXRlIjo2MDAwMDAwMDAwMDAsImRlbGV0ZSI6MTIwMDAwMDAwMDAwMH0sInNjaGVtYV92ZXJzaW9uIjoiMSJ9",
          "dependencies": [
            "aws_vpc.tutorial_vpc",
            "data.aws_availability_zones.available"
          ]
        }
      ]
    },
    {
      "mode": "managed",
      "type": "aws_vpc",
      "name": "tutorial_vpc",
      "provider": "provider[\"registry.terraform.io/hashicorp/aws\"]",
      "instances": [
        {
          "schema_version": 1,
          "attributes": {
            "arn": "arn:aws:ec2:us-east-1:088492177964:vpc/vpc-01cc7faaf22b92a97",
            "assign_generated_ipv6_cidr_block": false,
            "cidr_block": "10.0.0.0/16",
            "default_network_acl_id": "acl-04b45230eb966f8a0",
            "default_route_table_id": "rtb-07e7db252bd82b75b",
            "default_security_group_id": "sg-0843dc55dd15b6566",
            "dhcp_options_id": "dopt-0eecc45efa85f7eef",
            "enable_classiclink": false,
            "enable_classiclink_dns_support": false,
            "enable_dns_hostnames": true,
            "enable_dns_support": true,
            "enable_network_address_usage_metrics": false,
            "id": "vpc-01cc7faaf22b92a97",
            "instance_tenancy": "default",
            "ipv4_ipam_pool_id": null,
            "ipv4_netmask_length": null,
            "ipv6_association_id": "",
            "ipv6_cidr_block": "",
            "ipv6_cidr_block_network_border_group": "",
            "ipv6_ipam_pool_id": "",
            "ipv6_netmask_length": 0,
            "main_route_table_id": "rtb-07e7db252bd82b75b",
            "owner_id": "088492177964",
            "tags": {
              "Name": "tutorial_vpc"
            },
            "tags_all": {
              "Name": "tutorial_vpc"
            }
          },
          "sensitive_attributes": [],
          "private": "eyJzY2hlbWFfdmVyc2lvbiI6IjEifQ=="
        }
      ]
    },
    {
      "mode": "managed",
      "type": "local_file",
      "name": "local_pri_key",
      "provider": "provider[\"registry.terraform.io/hashicorp/local\"]",
      "instances": [
        {
          "schema_version": 0,
          "attributes": {
            "content": "-----BEGIN RSA PRIVATE KEY-----\nMIIJKAIBAAKCAgEAqLS/oQ0q+lNiJ1lJ8YWiDjOUMop69ggxKdBzat59cEbCZYu+\nTXt07fKrOWF3v+OsdaiNLkXXKMFdvLBmomGHXniBEjbi5hDRuvJhH2fa5Ni2qzwK\ntXgqOBeIVYpc/UvC1Q1yJ4P+R78halLYCr0R6gYqaU9A5NeNtKSv1MM/cdTR8uu/\n0g4K5PiEOmoxsQFHjsLXI0YFFSzeNohOXpsCnQVnNu4e3O0WPdkOm3DGl+MBSj6i\nEENCtumSv5m8Fn3OV/zZz8xKaYl1KlaGfVWv+GQQB4jIugjnqMDrfyCdzk7gV556\nFU7/+Qme555cl3QjutPwSLrpLC8bF/jp9O4/ZQWhjyq1jGXZ2rL1j1PZjHZTK9jg\nFKMNnpah0f/FnOsaMv85ROUSfrifymKYdMZQTl6dkDkWz3WW+J3U0spkMiJJxfpw\nkD3IVzpHlnSuKntYXfIJxpNAgat2bIrzR47f9/2IiB56glK3L+Iqpjt6JUlpNCsK\nHuZdJDpNJOSWoWVyl8knN3tJ9KIhU2a13pAn0GgYMk9EqAEIHx8C0bUphxwLAky/\nNr7XR9EB0pwWj5JdV7zbfnKFZbR2Of87ZcYJNRTnNUclxnUD63xX1xc7nq16pWl3\n8Cq7z43t2qD355zBVttSjp3eSLY9CHy2IiUOPjmx/0YPPlLBvNkUGmi2GfkCAwEA\nAQKCAgAQw2UHK7fJh9+I6WZfiVfA8X8YRopRSB8aeIv/Ynw0W9OVI32VVV8ZBbPd\nz8GGX6kTR9w/bNEkS5J03VJVcDtzN6YbmTiSg7lTSiI8bKVjd+UuvpiRz47iY/Q4\nC7eRs6V4Zg2hv4vUtTksx26QIplVF6e/LxDTrFd4S6TtDzmOpgb2jFZTGPIcLlV1\nOHgXjnj9xn56EssOf5bU9FZVMDHiSFcpLiAC88vx+U9qQpp5HSVTq0WPOB+47RyX\nzT7TPUzzkTxTWYlLU01BF7flXE5P8CFnnj/TvG7IZeMAjs0fYtcH3cdjtqXYqQwR\nF7s7kV67gbOuhmQE7+lRSHp2y/WgetCw4knyLTpG7s05TjEXGgIhguj/jBoeAyJy\numKff+zicgMqkMtXsxlRcAj8Hr+McF3LsZdNPkMf1za83poz4ciQ6QY0BcQ0z3ef\nHmnnEoCEHDz5d7nJkl3BDiCy4OzZ4Bo7Gmu/Ohml3mC1YAZsUjYOOjXLQpPOoHJB\n541o+bmFeWgGCcrJvK3n5KAJJYnm2XmqopA5iUyNYUtN6DUTRee9GcYXvPZmKsTa\n8ItylOu1Mp7M35NXkVS2CeurVDjd3TjD8m9PcgAIPWlWq5a5BXlvIUMnr8HQPyQa\nePzavDn6U+Xjr+pmdyQ++KdFbwEcupIBa/nhC8I2KJIB2uIIAQKCAQEAzJ0pc5im\niuZOF5eOgaKK8D6u+B06Hwj0QfGXHBpkiHoeEfcfJnnZnDMlhNL6kW2UbqZonIk2\nNAqU8+uc+FLg/D14figfqNFslgLfueSsSJFq4MNVEEHfGHpAJUGlkdhFNrp89vVn\nuIdVpCyERXs2zYw6fAvbkivVvDx6ad7b3hvJaMidlYE2J7FSOpPDdHoWr3ulyzTe\nS5Pdy2ecwKgc990Prjf/L4f8xUdbT2SyNLMKa6WPdypSJbAXVnJl6TNHqn5LbmiG\ncVeOkFHcogvywjocwjA5i0PU6NxHzZVqVFso8nuzGYYIFHqg5+M+9lQjko+896d5\nV9gTc2dwfqguCQKCAQEA0xMIgdoMkiCsVCCsFl3Ln4F6yvZVmQYnm78Ya1IkyUsT\nFUsWfjTuIqyfd3cBItCsu1tRxzT03sg321fAnjZUc43E7nrgEnCGfMg6lLFgJeYj\noKSRZ9Hs8k3O1tf2NaZorNrP2KBmewR0B6QKB8XWPiDjqIuSQLsCN5VKfKG8cTnn\na8ouRLrEeYIQzDbzQy9woA9+Mn6k2lNI9YuDcO3Hbfe8d2e1PPwkoZ/S65Qt3Mn7\nnSlfoqjKaS5CKalX7QZHH0yQFuGoYCffOVPQHx3g52GwfQw8e98iO9saLGnkFKLv\nGAFUrzEBCwJSUUaygN4f2sLPR6vRVp4bczD4qR2IcQKCAQEAjwCMFuEqDEuXan+e\ntlVOe0ej634pv8T3SRs6vAZqGsQWPgITgEWK49MPNrxpKLiIE6kz1atD+a0nmy4h\nP6BU45Vmn+0U61yqYlFR4U7DZdhT9RAvZDRVYnsWV7OAruSSwwQlEEhFHD9hiGMg\ncpsBmziVK1ryMz91mqA+Ab4itiF/az9Ce1mZ6rXQPWZGJSKqtixZnCKv9ew7B8y7\nTh5wWH7kVaOHMsX80DflxiAfOBulfcRw9xzZ2sMuHFnJhekz/iFUQK7Gv3ItDgpY\ng9yL5ljM/p7LqNxYcgJ6IGF7tcccYBQ6AO2euglWaZp1x5zYW7cfn4opkU5PkclK\nYwrRWQKCAQA7EHFp/L1VysTOSdI99AM94DqfPu1XA8zjnUbVCUh394UgiUGDEYat\nt0ZsZKWxu1kKmJQ6vUvkZ3yR6W1iGGvrZfl8jm/TWR+ZHWKfJz9ze4Huuv5hYfH/\nH9zIa+hevPE/pX9R7BihRe6+EJ4p7Kd1/TgXeu7zJCGLskAEvjGAMabbl9j4rJa8\nNbRDoQDThRvr/knfEWdKHNImu+KNIEyVLiTT+PZTWW9atuGLwIxQ40iAgwpa9wal\nBifHhravAfm2/XK4pG68cYvae+SaQH8l4EVFyL3IH/lxbG9XjE4hpDJpsj2jRIA5\nN24XhkP/IakiSy87rA3JQjcGNebvU+9RAoIBACNStn0JwBA66/aCW5tkjWOdCHpK\n8yeJbNFk5qt342gllQjZkvFBd8wTorn+lgpNCqVVjN7o5kwb4cL7j6H6F0iovppJ\nVGSlytegktceNZTpBRsYQH/Ok/hGpjIkSwF9wgBzjhkUQeRwUYxa8u65liyt+PyF\nwkoaNlZqcihF9V4QdmBUgWglzyYUNuuV3ctuL4rxPHL6KagNCXZk1EEsD/S4uncB\noeQCoJ5fYOetn3sqB8Kn7/IVIEODlDmRNW8dAMDTsulC6yL+w8H0X2SHxtxmPiIV\nBl1fZJT726qMJ8Q4sXagtrqHS01wJWmtn8m1zsBW5tPGzLAeIx3/Haa7vF4=\n-----END RSA PRIVATE KEY-----\n",
            "content_base64": null,
            "content_base64sha256": "1/AxsC6QqhMX2SYOkBUr7/TAKXFfsmmEjMKVa8s5/F8=",
            "content_base64sha512": "nX/8iDUKEyBJekbuVqF++MriwEkjotgVxNGeDEkl3WNuKU4b0pzHNe2QLsNpaxSqBZc9ty6EXb98KHvgW2escA==",
            "content_md5": "bcaa63252491948df0c4c4924c54af25",
            "content_sha1": "3adcc587d20654464915c208bd5000b34c56aa8b",
            "content_sha256": "d7f031b02e90aa1317d9260e90152beff4c029715fb269848cc2956bcb39fc5f",
            "content_sha512": "9d7ffc88350a1320497a46ee56a17ef8cae2c04923a2d815c4d19e0c4925dd636e294e1bd29cc735ed902ec3696b14aa05973db72e845dbf7c287be05b67ac70",
            "directory_permission": "0777",
            "file_permission": "0400",
            "filename": "tutorial_kp.pem",
            "id": "3adcc587d20654464915c208bd5000b34c56aa8b",
            "sensitive_content": null,
            "source": null
          },
          "sensitive_attributes": [
            [
              {
                "type": "get_attr",
                "value": "content"
              }
            ]
          ],
          "dependencies": [
            "tls_private_key.tutorial_key"
          ]
        }
      ]
    },
    {
      "mode": "managed",
      "type": "local_file",
      "name": "local_pub_key",
      "provider": "provider[\"registry.terraform.io/hashicorp/local\"]",
      "instances": [
        {
          "schema_version": 0,
          "attributes": {
            "content": "ssh-rsa AAAAB3NzaC1yc2EAAAADAQABAAACAQCotL+hDSr6U2InWUnxhaIOM5Qyinr2CDEp0HNq3n1wRsJli75Ne3Tt8qs5YXe/46x1qI0uRdcowV28sGaiYYdeeIESNuLmENG68mEfZ9rk2LarPAq1eCo4F4hVilz9S8LVDXIng/5HvyFqUtgKvRHqBippT0Dk1420pK/Uwz9x1NHy67/SDgrk+IQ6ajGxAUeOwtcjRgUVLN42iE5emwKdBWc27h7c7RY92Q6bcMaX4wFKPqIQQ0K26ZK/mbwWfc5X/NnPzEppiXUqVoZ9Va/4ZBAHiMi6COeowOt/IJ3OTuBXnnoVTv/5CZ7nnlyXdCO60/BIuuksLxsX+On07j9lBaGPKrWMZdnasvWPU9mMdlMr2OAUow2elqHR/8Wc6xoy/zlE5RJ+uJ/KYph0xlBOXp2QORbPdZb4ndTSymQyIknF+nCQPchXOkeWdK4qe1hd8gnGk0CBq3ZsivNHjt/3/YiIHnqCUrcv4iqmO3olSWk0Kwoe5l0kOk0k5JahZXKXySc3e0n0oiFTZrXekCfQaBgyT0SoAQgfHwLRtSmHHAsCTL82vtdH0QHSnBaPkl1XvNt+coVltHY5/ztlxgk1FOc1RyXGdQPrfFfXFzuerXqlaXfwKrvPje3aoPfnnMFW21KOnd5Itj0IfLYiJQ4+ObH/Rg8+UsG82RQaaLYZ+Q==\n",
            "content_base64": null,
            "content_base64sha256": "3TOH4wBBi2tsGxGQAT64wkNK9AlOc5PbUbWC/nzToDI=",
            "content_base64sha512": "rTfw1tTIaF5K/zcvVbTo06PZ2AXp7NkM/NysR9uRxDfkU1h1mO6eEqjyckrBFZSXUO/1oOow1NncfDktcvnUMA==",
            "content_md5": "b08cd320e06a701496a1bac4f996371d",
            "content_sha1": "7497c76702c30c3f6ef27d3d400702f0a8731c62",
            "content_sha256": "dd3387e300418b6b6c1b1190013eb8c2434af4094e7393db51b582fe7cd3a032",
            "content_sha512": "ad37f0d6d4c8685e4aff372f55b4e8d3a3d9d805e9ecd90cfcdcac47db91c437e453587598ee9e12a8f2724ac115949750eff5a0ea30d4d9dc7c392d72f9d430",
            "directory_permission": "0777",
            "file_permission": "0400",
            "filename": "tutorial_kp.pub",
            "id": "7497c76702c30c3f6ef27d3d400702f0a8731c62",
            "sensitive_content": null,
            "source": null
          },
          "sensitive_attributes": [],
          "dependencies": [
            "tls_private_key.tutorial_key"
          ]
        }
      ]
    },
    {
      "mode": "managed",
      "type": "tls_private_key",
      "name": "tutorial_key",
      "provider": "provider[\"registry.terraform.io/hashicorp/tls\"]",
      "instances": [
        {
          "schema_version": 1,
          "attributes": {
            "algorithm": "RSA",
            "ecdsa_curve": "P224",
            "id": "48ec1161db0d332c59dc8af198488921b25593a8",
            "private_key_openssh": "-----BEGIN OPENSSH PRIVATE KEY-----\nb3BlbnNzaC1rZXktdjEAAAAABG5vbmUAAAAEbm9uZQAAAAAAAAABAAACFwAAAAdz\nc2gtcnNhAAAAAwEAAQAAAgEAqLS/oQ0q+lNiJ1lJ8YWiDjOUMop69ggxKdBzat59\ncEbCZYu+TXt07fKrOWF3v+OsdaiNLkXXKMFdvLBmomGHXniBEjbi5hDRuvJhH2fa\n5Ni2qzwKtXgqOBeIVYpc/UvC1Q1yJ4P+R78halLYCr0R6gYqaU9A5NeNtKSv1MM/\ncdTR8uu/0g4K5PiEOmoxsQFHjsLXI0YFFSzeNohOXpsCnQVnNu4e3O0WPdkOm3DG\nl+MBSj6iEENCtumSv5m8Fn3OV/zZz8xKaYl1KlaGfVWv+GQQB4jIugjnqMDrfyCd\nzk7gV556FU7/+Qme555cl3QjutPwSLrpLC8bF/jp9O4/ZQWhjyq1jGXZ2rL1j1PZ\njHZTK9jgFKMNnpah0f/FnOsaMv85ROUSfrifymKYdMZQTl6dkDkWz3WW+J3U0spk\nMiJJxfpwkD3IVzpHlnSuKntYXfIJxpNAgat2bIrzR47f9/2IiB56glK3L+Iqpjt6\nJUlpNCsKHuZdJDpNJOSWoWVyl8knN3tJ9KIhU2a13pAn0GgYMk9EqAEIHx8C0bUp\nhxwLAky/Nr7XR9EB0pwWj5JdV7zbfnKFZbR2Of87ZcYJNRTnNUclxnUD63xX1xc7\nnq16pWl38Cq7z43t2qD355zBVttSjp3eSLY9CHy2IiUOPjmx/0YPPlLBvNkUGmi2\nGfkAAAc4VrEiRVaxIkUAAAAHc3NoLXJzYQAAAgEAqLS/oQ0q+lNiJ1lJ8YWiDjOU\nMop69ggxKdBzat59cEbCZYu+TXt07fKrOWF3v+OsdaiNLkXXKMFdvLBmomGHXniB\nEjbi5hDRuvJhH2fa5Ni2qzwKtXgqOBeIVYpc/UvC1Q1yJ4P+R78halLYCr0R6gYq\naU9A5NeNtKSv1MM/cdTR8uu/0g4K5PiEOmoxsQFHjsLXI0YFFSzeNohOXpsCnQVn\nNu4e3O0WPdkOm3DGl+MBSj6iEENCtumSv5m8Fn3OV/zZz8xKaYl1KlaGfVWv+GQQ\nB4jIugjnqMDrfyCdzk7gV556FU7/+Qme555cl3QjutPwSLrpLC8bF/jp9O4/ZQWh\njyq1jGXZ2rL1j1PZjHZTK9jgFKMNnpah0f/FnOsaMv85ROUSfrifymKYdMZQTl6d\nkDkWz3WW+J3U0spkMiJJxfpwkD3IVzpHlnSuKntYXfIJxpNAgat2bIrzR47f9/2I\niB56glK3L+Iqpjt6JUlpNCsKHuZdJDpNJOSWoWVyl8knN3tJ9KIhU2a13pAn0GgY\nMk9EqAEIHx8C0bUphxwLAky/Nr7XR9EB0pwWj5JdV7zbfnKFZbR2Of87ZcYJNRTn\nNUclxnUD63xX1xc7nq16pWl38Cq7z43t2qD355zBVttSjp3eSLY9CHy2IiUOPjmx\n/0YPPlLBvNkUGmi2GfkAAAADAQABAAACABDDZQcrt8mH34jpZl+JV8DxfxhGilFI\nHxp4i/9ifDRb05UjfZVVXxkFs93PwYZfqRNH3D9s0SRLknTdUlVwO3M3phuZOJKD\nuVNKIjxspWN35S6+mJHPjuJj9DgLt5GzpXhmDaG/i9S1OSzHbpAimVUXp78vENOs\nV3hLpO0POY6mBvaMVlMY8hwuVXU4eBeOeP3GfnoSyw5/ltT0VlUwMeJIVykuIALz\ny/H5T2pCmnkdJVOrRY84H7jtHJfNPtM9TPORPFNZiUtTTUEXt+VcTk/wIWeeP9O8\nbshl4wCOzR9i1wfdx2O2pdipDBEXuzuRXruBs66GZATv6VFIenbL9aB60LDiSfIt\nOkbuzTlOMRcaAiGC6P+MGh4DInK6Yp9/7OJyAyqQy1ezGVFwCPwev4xwXcuxl00+\nQx/XNrzemjPhyJDpBjQFxDTPd58eaecSgIQcPPl3ucmSXcEOILLg7NngGjsaa786\nGaXeYLVgBmxSNg46NctCk86gckHnjWj5uYV5aAYJysm8refkoAkliebZeaqikDmJ\nTI1hS03oNRNF570Zxhe89mYqxNrwi3KU67Uynszfk1eRVLYJ66tUON3dOMPyb09y\nAAg9aVarlrkFeW8hQyevwdA/JBp4/Nq8OfpT5eOv6mZ3JD74p0VvARy6kgFr+eEL\nwjYokgHa4ggBAAABACNStn0JwBA66/aCW5tkjWOdCHpK8yeJbNFk5qt342gllQjZ\nkvFBd8wTorn+lgpNCqVVjN7o5kwb4cL7j6H6F0iovppJVGSlytegktceNZTpBRsY\nQH/Ok/hGpjIkSwF9wgBzjhkUQeRwUYxa8u65liyt+PyFwkoaNlZqcihF9V4QdmBU\ngWglzyYUNuuV3ctuL4rxPHL6KagNCXZk1EEsD/S4uncBoeQCoJ5fYOetn3sqB8Kn\n7/IVIEODlDmRNW8dAMDTsulC6yL+w8H0X2SHxtxmPiIVBl1fZJT726qMJ8Q4sXag\ntrqHS01wJWmtn8m1zsBW5tPGzLAeIx3/Haa7vF4AAAEBAMydKXOYpormTheXjoGi\nivA+rvgdOh8I9EHxlxwaZIh6HhH3HyZ52ZwzJYTS+pFtlG6maJyJNjQKlPPrnPhS\n4Pw9eH4oH6jRbJYC37nkrEiRauDDVRBB3xh6QCVBpZHYRTa6fPb1Z7iHVaQshEV7\nNs2MOnwL25Ir1bw8emne294byWjInZWBNiexUjqTw3R6Fq97pcs03kuT3ctnnMCo\nHPfdD643/y+H/MVHW09ksjSzCmulj3cqUiWwF1ZyZekzR6p+S25ohnFXjpBR3KIL\n8sI6HMIwOYtD1OjcR82ValRbKPJ7sxmGCBR6oOfjPvZUI5KPvPeneVfYE3NncH6o\nLgkAAAEBANMTCIHaDJIgrFQgrBZdy5+Besr2VZkGJ5u/GGtSJMlLExVLFn407iKs\nn3d3ASLQrLtbUcc09N7IN9tXwJ42VHONxO564BJwhnzIOpSxYCXmI6CkkWfR7PJN\nztbX9jWmaKzaz9igZnsEdAekCgfF1j4g46iLkkC7AjeVSnyhvHE552vKLkS6xHmC\nEMw280MvcKAPfjJ+pNpTSPWLg3Dtx233vHdntTz8JKGf0uuULdzJ+50pX6Koymku\nQimpV+0GRx9MkBbhqGAn3zlT0B8d4OdhsH0MPHvfIjvbGixp5BSi7xgBVK8xAQsC\nUlFGsoDeH9rCz0er0VaeG3Mw+KkdiHEAAAAAAQID\n-----END OPENSSH PRIVATE KEY-----\n",
            "private_key_pem": "-----BEGIN RSA PRIVATE KEY-----\nMIIJKAIBAAKCAgEAqLS/oQ0q+lNiJ1lJ8YWiDjOUMop69ggxKdBzat59cEbCZYu+\nTXt07fKrOWF3v+OsdaiNLkXXKMFdvLBmomGHXniBEjbi5hDRuvJhH2fa5Ni2qzwK\ntXgqOBeIVYpc/UvC1Q1yJ4P+R78halLYCr0R6gYqaU9A5NeNtKSv1MM/cdTR8uu/\n0g4K5PiEOmoxsQFHjsLXI0YFFSzeNohOXpsCnQVnNu4e3O0WPdkOm3DGl+MBSj6i\nEENCtumSv5m8Fn3OV/zZz8xKaYl1KlaGfVWv+GQQB4jIugjnqMDrfyCdzk7gV556\nFU7/+Qme555cl3QjutPwSLrpLC8bF/jp9O4/ZQWhjyq1jGXZ2rL1j1PZjHZTK9jg\nFKMNnpah0f/FnOsaMv85ROUSfrifymKYdMZQTl6dkDkWz3WW+J3U0spkMiJJxfpw\nkD3IVzpHlnSuKntYXfIJxpNAgat2bIrzR47f9/2IiB56glK3L+Iqpjt6JUlpNCsK\nHuZdJDpNJOSWoWVyl8knN3tJ9KIhU2a13pAn0GgYMk9EqAEIHx8C0bUphxwLAky/\nNr7XR9EB0pwWj5JdV7zbfnKFZbR2Of87ZcYJNRTnNUclxnUD63xX1xc7nq16pWl3\n8Cq7z43t2qD355zBVttSjp3eSLY9CHy2IiUOPjmx/0YPPlLBvNkUGmi2GfkCAwEA\nAQKCAgAQw2UHK7fJh9+I6WZfiVfA8X8YRopRSB8aeIv/Ynw0W9OVI32VVV8ZBbPd\nz8GGX6kTR9w/bNEkS5J03VJVcDtzN6YbmTiSg7lTSiI8bKVjd+UuvpiRz47iY/Q4\nC7eRs6V4Zg2hv4vUtTksx26QIplVF6e/LxDTrFd4S6TtDzmOpgb2jFZTGPIcLlV1\nOHgXjnj9xn56EssOf5bU9FZVMDHiSFcpLiAC88vx+U9qQpp5HSVTq0WPOB+47RyX\nzT7TPUzzkTxTWYlLU01BF7flXE5P8CFnnj/TvG7IZeMAjs0fYtcH3cdjtqXYqQwR\nF7s7kV67gbOuhmQE7+lRSHp2y/WgetCw4knyLTpG7s05TjEXGgIhguj/jBoeAyJy\numKff+zicgMqkMtXsxlRcAj8Hr+McF3LsZdNPkMf1za83poz4ciQ6QY0BcQ0z3ef\nHmnnEoCEHDz5d7nJkl3BDiCy4OzZ4Bo7Gmu/Ohml3mC1YAZsUjYOOjXLQpPOoHJB\n541o+bmFeWgGCcrJvK3n5KAJJYnm2XmqopA5iUyNYUtN6DUTRee9GcYXvPZmKsTa\n8ItylOu1Mp7M35NXkVS2CeurVDjd3TjD8m9PcgAIPWlWq5a5BXlvIUMnr8HQPyQa\nePzavDn6U+Xjr+pmdyQ++KdFbwEcupIBa/nhC8I2KJIB2uIIAQKCAQEAzJ0pc5im\niuZOF5eOgaKK8D6u+B06Hwj0QfGXHBpkiHoeEfcfJnnZnDMlhNL6kW2UbqZonIk2\nNAqU8+uc+FLg/D14figfqNFslgLfueSsSJFq4MNVEEHfGHpAJUGlkdhFNrp89vVn\nuIdVpCyERXs2zYw6fAvbkivVvDx6ad7b3hvJaMidlYE2J7FSOpPDdHoWr3ulyzTe\nS5Pdy2ecwKgc990Prjf/L4f8xUdbT2SyNLMKa6WPdypSJbAXVnJl6TNHqn5LbmiG\ncVeOkFHcogvywjocwjA5i0PU6NxHzZVqVFso8nuzGYYIFHqg5+M+9lQjko+896d5\nV9gTc2dwfqguCQKCAQEA0xMIgdoMkiCsVCCsFl3Ln4F6yvZVmQYnm78Ya1IkyUsT\nFUsWfjTuIqyfd3cBItCsu1tRxzT03sg321fAnjZUc43E7nrgEnCGfMg6lLFgJeYj\noKSRZ9Hs8k3O1tf2NaZorNrP2KBmewR0B6QKB8XWPiDjqIuSQLsCN5VKfKG8cTnn\na8ouRLrEeYIQzDbzQy9woA9+Mn6k2lNI9YuDcO3Hbfe8d2e1PPwkoZ/S65Qt3Mn7\nnSlfoqjKaS5CKalX7QZHH0yQFuGoYCffOVPQHx3g52GwfQw8e98iO9saLGnkFKLv\nGAFUrzEBCwJSUUaygN4f2sLPR6vRVp4bczD4qR2IcQKCAQEAjwCMFuEqDEuXan+e\ntlVOe0ej634pv8T3SRs6vAZqGsQWPgITgEWK49MPNrxpKLiIE6kz1atD+a0nmy4h\nP6BU45Vmn+0U61yqYlFR4U7DZdhT9RAvZDRVYnsWV7OAruSSwwQlEEhFHD9hiGMg\ncpsBmziVK1ryMz91mqA+Ab4itiF/az9Ce1mZ6rXQPWZGJSKqtixZnCKv9ew7B8y7\nTh5wWH7kVaOHMsX80DflxiAfOBulfcRw9xzZ2sMuHFnJhekz/iFUQK7Gv3ItDgpY\ng9yL5ljM/p7LqNxYcgJ6IGF7tcccYBQ6AO2euglWaZp1x5zYW7cfn4opkU5PkclK\nYwrRWQKCAQA7EHFp/L1VysTOSdI99AM94DqfPu1XA8zjnUbVCUh394UgiUGDEYat\nt0ZsZKWxu1kKmJQ6vUvkZ3yR6W1iGGvrZfl8jm/TWR+ZHWKfJz9ze4Huuv5hYfH/\nH9zIa+hevPE/pX9R7BihRe6+EJ4p7Kd1/TgXeu7zJCGLskAEvjGAMabbl9j4rJa8\nNbRDoQDThRvr/knfEWdKHNImu+KNIEyVLiTT+PZTWW9atuGLwIxQ40iAgwpa9wal\nBifHhravAfm2/XK4pG68cYvae+SaQH8l4EVFyL3IH/lxbG9XjE4hpDJpsj2jRIA5\nN24XhkP/IakiSy87rA3JQjcGNebvU+9RAoIBACNStn0JwBA66/aCW5tkjWOdCHpK\n8yeJbNFk5qt342gllQjZkvFBd8wTorn+lgpNCqVVjN7o5kwb4cL7j6H6F0iovppJ\nVGSlytegktceNZTpBRsYQH/Ok/hGpjIkSwF9wgBzjhkUQeRwUYxa8u65liyt+PyF\nwkoaNlZqcihF9V4QdmBUgWglzyYUNuuV3ctuL4rxPHL6KagNCXZk1EEsD/S4uncB\noeQCoJ5fYOetn3sqB8Kn7/IVIEODlDmRNW8dAMDTsulC6yL+w8H0X2SHxtxmPiIV\nBl1fZJT726qMJ8Q4sXagtrqHS01wJWmtn8m1zsBW5tPGzLAeIx3/Haa7vF4=\n-----END RSA PRIVATE KEY-----\n",
            "private_key_pem_pkcs8": "-----BEGIN PRIVATE KEY-----\nMIIJQgIBADANBgkqhkiG9w0BAQEFAASCCSwwggkoAgEAAoICAQCotL+hDSr6U2In\nWUnxhaIOM5Qyinr2CDEp0HNq3n1wRsJli75Ne3Tt8qs5YXe/46x1qI0uRdcowV28\nsGaiYYdeeIESNuLmENG68mEfZ9rk2LarPAq1eCo4F4hVilz9S8LVDXIng/5HvyFq\nUtgKvRHqBippT0Dk1420pK/Uwz9x1NHy67/SDgrk+IQ6ajGxAUeOwtcjRgUVLN42\niE5emwKdBWc27h7c7RY92Q6bcMaX4wFKPqIQQ0K26ZK/mbwWfc5X/NnPzEppiXUq\nVoZ9Va/4ZBAHiMi6COeowOt/IJ3OTuBXnnoVTv/5CZ7nnlyXdCO60/BIuuksLxsX\n+On07j9lBaGPKrWMZdnasvWPU9mMdlMr2OAUow2elqHR/8Wc6xoy/zlE5RJ+uJ/K\nYph0xlBOXp2QORbPdZb4ndTSymQyIknF+nCQPchXOkeWdK4qe1hd8gnGk0CBq3Zs\nivNHjt/3/YiIHnqCUrcv4iqmO3olSWk0Kwoe5l0kOk0k5JahZXKXySc3e0n0oiFT\nZrXekCfQaBgyT0SoAQgfHwLRtSmHHAsCTL82vtdH0QHSnBaPkl1XvNt+coVltHY5\n/ztlxgk1FOc1RyXGdQPrfFfXFzuerXqlaXfwKrvPje3aoPfnnMFW21KOnd5Itj0I\nfLYiJQ4+ObH/Rg8+UsG82RQaaLYZ+QIDAQABAoICABDDZQcrt8mH34jpZl+JV8Dx\nfxhGilFIHxp4i/9ifDRb05UjfZVVXxkFs93PwYZfqRNH3D9s0SRLknTdUlVwO3M3\nphuZOJKDuVNKIjxspWN35S6+mJHPjuJj9DgLt5GzpXhmDaG/i9S1OSzHbpAimVUX\np78vENOsV3hLpO0POY6mBvaMVlMY8hwuVXU4eBeOeP3GfnoSyw5/ltT0VlUwMeJI\nVykuIALzy/H5T2pCmnkdJVOrRY84H7jtHJfNPtM9TPORPFNZiUtTTUEXt+VcTk/w\nIWeeP9O8bshl4wCOzR9i1wfdx2O2pdipDBEXuzuRXruBs66GZATv6VFIenbL9aB6\n0LDiSfItOkbuzTlOMRcaAiGC6P+MGh4DInK6Yp9/7OJyAyqQy1ezGVFwCPwev4xw\nXcuxl00+Qx/XNrzemjPhyJDpBjQFxDTPd58eaecSgIQcPPl3ucmSXcEOILLg7Nng\nGjsaa786GaXeYLVgBmxSNg46NctCk86gckHnjWj5uYV5aAYJysm8refkoAkliebZ\neaqikDmJTI1hS03oNRNF570Zxhe89mYqxNrwi3KU67Uynszfk1eRVLYJ66tUON3d\nOMPyb09yAAg9aVarlrkFeW8hQyevwdA/JBp4/Nq8OfpT5eOv6mZ3JD74p0VvARy6\nkgFr+eELwjYokgHa4ggBAoIBAQDMnSlzmKaK5k4Xl46BoorwPq74HTofCPRB8Zcc\nGmSIeh4R9x8medmcMyWE0vqRbZRupmiciTY0CpTz65z4UuD8PXh+KB+o0WyWAt+5\n5KxIkWrgw1UQQd8YekAlQaWR2EU2unz29We4h1WkLIRFezbNjDp8C9uSK9W8PHpp\n3tveG8loyJ2VgTYnsVI6k8N0ehave6XLNN5Lk93LZ5zAqBz33Q+uN/8vh/zFR1tP\nZLI0swprpY93KlIlsBdWcmXpM0eqfktuaIZxV46QUdyiC/LCOhzCMDmLQ9To3EfN\nlWpUWyjye7MZhggUeqDn4z72VCOSj7z3p3lX2BNzZ3B+qC4JAoIBAQDTEwiB2gyS\nIKxUIKwWXcufgXrK9lWZBiebvxhrUiTJSxMVSxZ+NO4irJ93dwEi0Ky7W1HHNPTe\nyDfbV8CeNlRzjcTueuAScIZ8yDqUsWAl5iOgpJFn0ezyTc7W1/Y1pmis2s/YoGZ7\nBHQHpAoHxdY+IOOoi5JAuwI3lUp8obxxOedryi5EusR5ghDMNvNDL3CgD34yfqTa\nU0j1i4Nw7cdt97x3Z7U8/CShn9LrlC3cyfudKV+iqMppLkIpqVftBkcfTJAW4ahg\nJ985U9AfHeDnYbB9DDx73yI72xosaeQUou8YAVSvMQELAlJRRrKA3h/aws9Hq9FW\nnhtzMPipHYhxAoIBAQCPAIwW4SoMS5dqf562VU57R6Prfim/xPdJGzq8BmoaxBY+\nAhOARYrj0w82vGkouIgTqTPVq0P5rSebLiE/oFTjlWaf7RTrXKpiUVHhTsNl2FP1\nEC9kNFViexZXs4Cu5JLDBCUQSEUcP2GIYyBymwGbOJUrWvIzP3WaoD4BviK2IX9r\nP0J7WZnqtdA9ZkYlIqq2LFmcIq/17DsHzLtOHnBYfuRVo4cyxfzQN+XGIB84G6V9\nxHD3HNnawy4cWcmF6TP+IVRArsa/ci0OCliD3IvmWMz+nsuo3FhyAnogYXu1xxxg\nFDoA7Z66CVZpmnXHnNhbtx+fiimRTk+RyUpjCtFZAoIBADsQcWn8vVXKxM5J0j30\nAz3gOp8+7VcDzOOdRtUJSHf3hSCJQYMRhq23RmxkpbG7WQqYlDq9S+RnfJHpbWIY\na+tl+XyOb9NZH5kdYp8nP3N7ge66/mFh8f8f3Mhr6F688T+lf1HsGKFF7r4Qnins\np3X9OBd67vMkIYuyQAS+MYAxptuX2Pislrw1tEOhANOFG+v+Sd8RZ0oc0ia74o0g\nTJUuJNP49lNZb1q24YvAjFDjSICDClr3BqUGJ8eGtq8B+bb9crikbrxxi9p75JpA\nfyXgRUXIvcgf+XFsb1eMTiGkMmmyPaNEgDk3bheGQ/8hqSJLLzusDclCNwY15u9T\n71ECggEAI1K2fQnAEDrr9oJbm2SNY50IekrzJ4ls0WTmq3fjaCWVCNmS8UF3zBOi\nuf6WCk0KpVWM3ujmTBvhwvuPofoXSKi+mklUZKXK16CS1x41lOkFGxhAf86T+Eam\nMiRLAX3CAHOOGRRB5HBRjFry7rmWLK34/IXCSho2VmpyKEX1XhB2YFSBaCXPJhQ2\n65Xdy24vivE8cvopqA0JdmTUQSwP9Li6dwGh5AKgnl9g562feyoHwqfv8hUgQ4OU\nOZE1bx0AwNOy6ULrIv7DwfRfZIfG3GY+IhUGXV9klPvbqownxDixdqC2uodLTXAl\naa2fybXOwFbm08bMsB4jHf8dpru8Xg==\n-----END PRIVATE KEY-----\n",
            "public_key_fingerprint_md5": "df:23:4d:cf:ca:3e:f3:21:9d:bc:f0:ff:37:94:3e:59",
            "public_key_fingerprint_sha256": "SHA256:/v4kaitxkJiwM+pYmYBgDE5zWcTnODymQJG0RNY1Wuk",
            "public_key_openssh": "ssh-rsa AAAAB3NzaC1yc2EAAAADAQABAAACAQCotL+hDSr6U2InWUnxhaIOM5Qyinr2CDEp0HNq3n1wRsJli75Ne3Tt8qs5YXe/46x1qI0uRdcowV28sGaiYYdeeIESNuLmENG68mEfZ9rk2LarPAq1eCo4F4hVilz9S8LVDXIng/5HvyFqUtgKvRHqBippT0Dk1420pK/Uwz9x1NHy67/SDgrk+IQ6ajGxAUeOwtcjRgUVLN42iE5emwKdBWc27h7c7RY92Q6bcMaX4wFKPqIQQ0K26ZK/mbwWfc5X/NnPzEppiXUqVoZ9Va/4ZBAHiMi6COeowOt/IJ3OTuBXnnoVTv/5CZ7nnlyXdCO60/BIuuksLxsX+On07j9lBaGPKrWMZdnasvWPU9mMdlMr2OAUow2elqHR/8Wc6xoy/zlE5RJ+uJ/KYph0xlBOXp2QORbPdZb4ndTSymQyIknF+nCQPchXOkeWdK4qe1hd8gnGk0CBq3ZsivNHjt/3/YiIHnqCUrcv4iqmO3olSWk0Kwoe5l0kOk0k5JahZXKXySc3e0n0oiFTZrXekCfQaBgyT0SoAQgfHwLRtSmHHAsCTL82vtdH0QHSnBaPkl1XvNt+coVltHY5/ztlxgk1FOc1RyXGdQPrfFfXFzuerXqlaXfwKrvPje3aoPfnnMFW21KOnd5Itj0IfLYiJQ4+ObH/Rg8+UsG82RQaaLYZ+Q==\n",
            "public_key_pem": "-----BEGIN PUBLIC KEY-----\nMIICIjANBgkqhkiG9w0BAQEFAAOCAg8AMIICCgKCAgEAqLS/oQ0q+lNiJ1lJ8YWi\nDjOUMop69ggxKdBzat59cEbCZYu+TXt07fKrOWF3v+OsdaiNLkXXKMFdvLBmomGH\nXniBEjbi5hDRuvJhH2fa5Ni2qzwKtXgqOBeIVYpc/UvC1Q1yJ4P+R78halLYCr0R\n6gYqaU9A5NeNtKSv1MM/cdTR8uu/0g4K5PiEOmoxsQFHjsLXI0YFFSzeNohOXpsC\nnQVnNu4e3O0WPdkOm3DGl+MBSj6iEENCtumSv5m8Fn3OV/zZz8xKaYl1KlaGfVWv\n+GQQB4jIugjnqMDrfyCdzk7gV556FU7/+Qme555cl3QjutPwSLrpLC8bF/jp9O4/\nZQWhjyq1jGXZ2rL1j1PZjHZTK9jgFKMNnpah0f/FnOsaMv85ROUSfrifymKYdMZQ\nTl6dkDkWz3WW+J3U0spkMiJJxfpwkD3IVzpHlnSuKntYXfIJxpNAgat2bIrzR47f\n9/2IiB56glK3L+Iqpjt6JUlpNCsKHuZdJDpNJOSWoWVyl8knN3tJ9KIhU2a13pAn\n0GgYMk9EqAEIHx8C0bUphxwLAky/Nr7XR9EB0pwWj5JdV7zbfnKFZbR2Of87ZcYJ\nNRTnNUclxnUD63xX1xc7nq16pWl38Cq7z43t2qD355zBVttSjp3eSLY9CHy2IiUO\nPjmx/0YPPlLBvNkUGmi2GfkCAwEAAQ==\n-----END PUBLIC KEY-----\n",
            "rsa_bits": 4096
          },
          "sensitive_attributes": []
        }
      ]
    }
  ],
  "check_results": null
}
